// !$*UTF8*$!
{
	archiveVersion = 1;
	classes = {
	};
	objectVersion = 51;
	objects = {

/* Begin PBXBuildFile section */
		22719F42ED40EB490BAA416D /* Pods_BeeduChat.framework in Frameworks */ = {isa = PBXBuildFile; fileRef = 42B464B773D0231856DE8CB0 /* Pods_BeeduChat.framework */; };
		3C6FADE21AC9F3E9C4E28FCA /* Pods_BeeduChatTests.framework in Frameworks */ = {isa = PBXBuildFile; fileRef = C5DE160B549A5CC7002A01F5 /* Pods_BeeduChatTests.framework */; };
		50D77C61D9ACD18827DF2046 /* Pods_BeeduChatUITests.framework in Frameworks */ = {isa = PBXBuildFile; fileRef = AEFE642CAABE5E1153467201 /* Pods_BeeduChatUITests.framework */; };
		539A8DE022EAA1DF00BD75B9 /* Assets.xcassets in Resources */ = {isa = PBXBuildFile; fileRef = 539A8DDF22EAA1DF00BD75B9 /* Assets.xcassets */; };
		53C329EE22F04D0000494195 /* ImagePickerViewController.swift in Sources */ = {isa = PBXBuildFile; fileRef = 53C329ED22F04D0000494195 /* ImagePickerViewController.swift */; };
		53F35D1722EE96570036EB3B /* Montserrat-Black.otf in Resources */ = {isa = PBXBuildFile; fileRef = 53F35D0B22EE96390036EB3B /* Montserrat-Black.otf */; };
		53F35D1822EE96570036EB3B /* Montserrat-BlackItalic.otf in Resources */ = {isa = PBXBuildFile; fileRef = 53F35D0E22EE96390036EB3B /* Montserrat-BlackItalic.otf */; };
		53F35D1922EE96570036EB3B /* Montserrat-Bold.otf in Resources */ = {isa = PBXBuildFile; fileRef = 53F35D0922EE96390036EB3B /* Montserrat-Bold.otf */; };
		53F35D1A22EE96570036EB3B /* Montserrat-BoldItalic.otf in Resources */ = {isa = PBXBuildFile; fileRef = 53F35D1622EE963A0036EB3B /* Montserrat-BoldItalic.otf */; };
		53F35D1B22EE96570036EB3B /* Montserrat-ExtraBold.otf in Resources */ = {isa = PBXBuildFile; fileRef = 53F35D1222EE963A0036EB3B /* Montserrat-ExtraBold.otf */; };
		53F35D1C22EE96570036EB3B /* Montserrat-ExtraBoldItalic.otf in Resources */ = {isa = PBXBuildFile; fileRef = 53F35D1322EE963A0036EB3B /* Montserrat-ExtraBoldItalic.otf */; };
		53F35D1D22EE96570036EB3B /* Montserrat-ExtraLight.otf in Resources */ = {isa = PBXBuildFile; fileRef = 53F35D0822EE96390036EB3B /* Montserrat-ExtraLight.otf */; };
		53F35D1E22EE96570036EB3B /* Montserrat-ExtraLightItalic.otf in Resources */ = {isa = PBXBuildFile; fileRef = 53F35D0A22EE96390036EB3B /* Montserrat-ExtraLightItalic.otf */; };
		53F35D1F22EE96570036EB3B /* Montserrat-Italic.otf in Resources */ = {isa = PBXBuildFile; fileRef = 53F35D0C22EE96390036EB3B /* Montserrat-Italic.otf */; };
		53F35D2022EE96570036EB3B /* Montserrat-Light.otf in Resources */ = {isa = PBXBuildFile; fileRef = 53F35D0F22EE963A0036EB3B /* Montserrat-Light.otf */; };
		53F35D2122EE96570036EB3B /* Montserrat-LightItalic.otf in Resources */ = {isa = PBXBuildFile; fileRef = 53F35D0622EE96390036EB3B /* Montserrat-LightItalic.otf */; };
		53F35D2222EE96570036EB3B /* Montserrat-Medium.otf in Resources */ = {isa = PBXBuildFile; fileRef = 53F35D0D22EE96390036EB3B /* Montserrat-Medium.otf */; };
		53F35D2322EE96570036EB3B /* Montserrat-MediumItalic.otf in Resources */ = {isa = PBXBuildFile; fileRef = 53F35D1022EE963A0036EB3B /* Montserrat-MediumItalic.otf */; };
		53F35D2422EE96570036EB3B /* Montserrat-Regular.otf in Resources */ = {isa = PBXBuildFile; fileRef = 53F35D0722EE96390036EB3B /* Montserrat-Regular.otf */; };
		53F35D2522EE96570036EB3B /* Montserrat-SemiBold.otf in Resources */ = {isa = PBXBuildFile; fileRef = 53F35D1122EE963A0036EB3B /* Montserrat-SemiBold.otf */; };
		53F35D2622EE96570036EB3B /* Montserrat-SemiBoldItalic.otf in Resources */ = {isa = PBXBuildFile; fileRef = 53F35D1422EE963A0036EB3B /* Montserrat-SemiBoldItalic.otf */; };
		53F35D2722EE96570036EB3B /* Montserrat-Thin.otf in Resources */ = {isa = PBXBuildFile; fileRef = 53F35D1522EE963A0036EB3B /* Montserrat-Thin.otf */; };
		53F35D2822EE96570036EB3B /* Montserrat-ThinItalic.otf in Resources */ = {isa = PBXBuildFile; fileRef = 53F35D0522EE96390036EB3B /* Montserrat-ThinItalic.otf */; };
		53F35D2A22EEAC440036EB3B /* TNInfoViewController.swift in Sources */ = {isa = PBXBuildFile; fileRef = 53F35D2922EEAC440036EB3B /* TNInfoViewController.swift */; };
		53F35D2C22EECE9F0036EB3B /* TNLibraryImageViewController.swift in Sources */ = {isa = PBXBuildFile; fileRef = 53F35D2B22EECE9F0036EB3B /* TNLibraryImageViewController.swift */; };
		53F35D2E22EED6A60036EB3B /* TNActionSheetViewController.swift in Sources */ = {isa = PBXBuildFile; fileRef = 53F35D2D22EED6A60036EB3B /* TNActionSheetViewController.swift */; };
		53F35D3022EEECB50036EB3B /* TNActionTVC.swift in Sources */ = {isa = PBXBuildFile; fileRef = 53F35D2F22EEECB50036EB3B /* TNActionTVC.swift */; };
		F0ACB26C22E9FE8700DFE793 /* TNSeenUserTVC.swift in Sources */ = {isa = PBXBuildFile; fileRef = F0ACB26B22E9FE8700DFE793 /* TNSeenUserTVC.swift */; };
		F0EAF6B722F0A23D002E5556 /* TNImageEx.swift in Sources */ = {isa = PBXBuildFile; fileRef = F0EAF6B622F0A23D002E5556 /* TNImageEx.swift */; };
		F0F6C2E122EB775600CDA83C /* MainViewController.swift in Sources */ = {isa = PBXBuildFile; fileRef = F0F6C2E022EB775600CDA83C /* MainViewController.swift */; };
		F0F6C2E322EBF0DD00CDA83C /* TNNewPostViewController.swift in Sources */ = {isa = PBXBuildFile; fileRef = F0F6C2E222EBF0DD00CDA83C /* TNNewPostViewController.swift */; };
		F0F7419022E9B05A0028AB4F /* AppDelegate.swift in Sources */ = {isa = PBXBuildFile; fileRef = F0F7418F22E9B05A0028AB4F /* AppDelegate.swift */; };
		F0F7419222E9B05A0028AB4F /* ViewController.swift in Sources */ = {isa = PBXBuildFile; fileRef = F0F7419122E9B05A0028AB4F /* ViewController.swift */; };
		F0F7419522E9B05A0028AB4F /* Main.storyboard in Resources */ = {isa = PBXBuildFile; fileRef = F0F7419322E9B05A0028AB4F /* Main.storyboard */; };
		F0F7419A22E9B05B0028AB4F /* LaunchScreen.storyboard in Resources */ = {isa = PBXBuildFile; fileRef = F0F7419822E9B05B0028AB4F /* LaunchScreen.storyboard */; };
		F0F741A522E9B05B0028AB4F /* BeeduChatTests.swift in Sources */ = {isa = PBXBuildFile; fileRef = F0F741A422E9B05B0028AB4F /* BeeduChatTests.swift */; };
		F0F741B022E9B05B0028AB4F /* BeeduChatUITests.swift in Sources */ = {isa = PBXBuildFile; fileRef = F0F741AF22E9B05B0028AB4F /* BeeduChatUITests.swift */; };
		F0F7422122E9B0860028AB4F /* UIViewEx.swift in Sources */ = {isa = PBXBuildFile; fileRef = F0F741C522E9B0860028AB4F /* UIViewEx.swift */; };
		F0F7422222E9B0860028AB4F /* UITextFieldEx.swift in Sources */ = {isa = PBXBuildFile; fileRef = F0F741C622E9B0860028AB4F /* UITextFieldEx.swift */; };
		F0F7422322E9B0860028AB4F /* UIColorEx.swift in Sources */ = {isa = PBXBuildFile; fileRef = F0F741C722E9B0860028AB4F /* UIColorEx.swift */; };
		F0F7422422E9B0860028AB4F /* UILabelEx.swift in Sources */ = {isa = PBXBuildFile; fileRef = F0F741C822E9B0860028AB4F /* UILabelEx.swift */; };
		F0F7422522E9B0860028AB4F /* StackViewEx.swift in Sources */ = {isa = PBXBuildFile; fileRef = F0F741C922E9B0860028AB4F /* StackViewEx.swift */; };
		F0F7422622E9B0860028AB4F /* UIButtonEx.swift in Sources */ = {isa = PBXBuildFile; fileRef = F0F741CA22E9B0860028AB4F /* UIButtonEx.swift */; };
		F0F7422722E9B0860028AB4F /* ReuseForms.swift in Sources */ = {isa = PBXBuildFile; fileRef = F0F741CC22E9B0860028AB4F /* ReuseForms.swift */; };
		F0F7422822E9B0860028AB4F /* Constant.swift in Sources */ = {isa = PBXBuildFile; fileRef = F0F741CE22E9B0860028AB4F /* Constant.swift */; };
		F0F7422922E9B0860028AB4F /* TNEnumModel.swift in Sources */ = {isa = PBXBuildFile; fileRef = F0F741CF22E9B0860028AB4F /* TNEnumModel.swift */; };
		F0F7422A22E9B0860028AB4F /* FixedData.swift in Sources */ = {isa = PBXBuildFile; fileRef = F0F741D022E9B0860028AB4F /* FixedData.swift */; };
		F0F7422C22E9B0860028AB4F /* TNCommentCell.swift in Sources */ = {isa = PBXBuildFile; fileRef = F0F741D622E9B0860028AB4F /* TNCommentCell.swift */; };
		F0F7422D22E9B0860028AB4F /* TNNewPostCell.swift in Sources */ = {isa = PBXBuildFile; fileRef = F0F741D722E9B0860028AB4F /* TNNewPostCell.swift */; };
		F0F7422E22E9B0860028AB4F /* TNPostInfoCell.swift in Sources */ = {isa = PBXBuildFile; fileRef = F0F741D822E9B0860028AB4F /* TNPostInfoCell.swift */; };
		F0F7423022E9B0860028AB4F /* TNPostView.swift in Sources */ = {isa = PBXBuildFile; fileRef = F0F741DA22E9B0860028AB4F /* TNPostView.swift */; };
		F0F7423122E9B0860028AB4F /* TNCommentViewController.swift in Sources */ = {isa = PBXBuildFile; fileRef = F0F741DB22E9B0860028AB4F /* TNCommentViewController.swift */; };
		F0F7423222E9B0860028AB4F /* TNCommentSubViewController.swift in Sources */ = {isa = PBXBuildFile; fileRef = F0F741DC22E9B0860028AB4F /* TNCommentSubViewController.swift */; };
		F0F7423322E9B0860028AB4F /* TNBaseViewController.swift in Sources */ = {isa = PBXBuildFile; fileRef = F0F741DD22E9B0860028AB4F /* TNBaseViewController.swift */; };
		F0F7423422E9B0860028AB4F /* BasicAudioController.swift in Sources */ = {isa = PBXBuildFile; fileRef = F0F741E022E9B0860028AB4F /* BasicAudioController.swift */; };
		F0F7423522E9B0860028AB4F /* CustomMessageFlowLayout.swift in Sources */ = {isa = PBXBuildFile; fileRef = F0F741E222E9B0860028AB4F /* CustomMessageFlowLayout.swift */; };
		F0F7423622E9B0860028AB4F /* ChatViewController.swift in Sources */ = {isa = PBXBuildFile; fileRef = F0F741E422E9B0860028AB4F /* ChatViewController.swift */; };
		F0F7423722E9B0860028AB4F /* AutocompleteExampleViewController.swift in Sources */ = {isa = PBXBuildFile; fileRef = F0F741E522E9B0860028AB4F /* AutocompleteExampleViewController.swift */; };
		F0F7423822E9B0860028AB4F /* AdvancedExampleViewController.swift in Sources */ = {isa = PBXBuildFile; fileRef = F0F741E622E9B0860028AB4F /* AdvancedExampleViewController.swift */; };
		F0F7423922E9B0860028AB4F /* BasicExampleViewController.swift in Sources */ = {isa = PBXBuildFile; fileRef = F0F741E722E9B0860028AB4F /* BasicExampleViewController.swift */; };
		F0F7423A22E9B0860028AB4F /* LaunchViewController.swift in Sources */ = {isa = PBXBuildFile; fileRef = F0F741E822E9B0860028AB4F /* LaunchViewController.swift */; };
		F0F7423B22E9B0860028AB4F /* MessageContainerController.swift in Sources */ = {isa = PBXBuildFile; fileRef = F0F741E922E9B0860028AB4F /* MessageContainerController.swift */; };
		F0F7423C22E9B0860028AB4F /* NavigationController.swift in Sources */ = {isa = PBXBuildFile; fileRef = F0F741EA22E9B0860028AB4F /* NavigationController.swift */; };
		F0F7423D22E9B0860028AB4F /* SettingsViewController.swift in Sources */ = {isa = PBXBuildFile; fileRef = F0F741EB22E9B0860028AB4F /* SettingsViewController.swift */; };
		F0F7423E22E9B0860028AB4F /* MockMessage.swift in Sources */ = {isa = PBXBuildFile; fileRef = F0F741ED22E9B0860028AB4F /* MockMessage.swift */; };
		F0F7423F22E9B0860028AB4F /* MockUser.swift in Sources */ = {isa = PBXBuildFile; fileRef = F0F741EE22E9B0860028AB4F /* MockUser.swift */; };
		F0F7424022E9B0860028AB4F /* MockSocket.swift in Sources */ = {isa = PBXBuildFile; fileRef = F0F741EF22E9B0860028AB4F /* MockSocket.swift */; };
		F0F7424122E9B0860028AB4F /* UIViewController+Extensions.swift in Sources */ = {isa = PBXBuildFile; fileRef = F0F741F122E9B0860028AB4F /* UIViewController+Extensions.swift */; };
		F0F7424222E9B0860028AB4F /* UIColor+Extensions.swift in Sources */ = {isa = PBXBuildFile; fileRef = F0F741F222E9B0860028AB4F /* UIColor+Extensions.swift */; };
		F0F7424322E9B0860028AB4F /* sound2.m4a in Resources */ = {isa = PBXBuildFile; fileRef = F0F741F422E9B0860028AB4F /* sound2.m4a */; };
		F0F7424422E9B0860028AB4F /* sound1.m4a in Resources */ = {isa = PBXBuildFile; fileRef = F0F741F522E9B0860028AB4F /* sound1.m4a */; };
		F0F7424522E9B0860028AB4F /* Settings+UserDefaults.swift in Sources */ = {isa = PBXBuildFile; fileRef = F0F741F622E9B0860028AB4F /* Settings+UserDefaults.swift */; };
		F0F7424622E9B0860028AB4F /* Lorem.swift in Sources */ = {isa = PBXBuildFile; fileRef = F0F741F822E9B0860028AB4F /* Lorem.swift */; };
		F0F7424722E9B0860028AB4F /* SampleData.swift in Sources */ = {isa = PBXBuildFile; fileRef = F0F741F922E9B0860028AB4F /* SampleData.swift */; };
		F0F7424822E9B0860028AB4F /* CustomCell.swift in Sources */ = {isa = PBXBuildFile; fileRef = F0F741FB22E9B0860028AB4F /* CustomCell.swift */; };
		F0F7424922E9B0860028AB4F /* TableViewCells.swift in Sources */ = {isa = PBXBuildFile; fileRef = F0F741FC22E9B0860028AB4F /* TableViewCells.swift */; };
		F0F7424A22E9B0860028AB4F /* TNNewGroupViewController.swift in Sources */ = {isa = PBXBuildFile; fileRef = F0F741FE22E9B0860028AB4F /* TNNewGroupViewController.swift */; };
		F0F7424B22E9B0860028AB4F /* TNChooseRecvViewController.swift in Sources */ = {isa = PBXBuildFile; fileRef = F0F741FF22E9B0860028AB4F /* TNChooseRecvViewController.swift */; };
		F0F7424C22E9B0860028AB4F /* TNChooseRecvCell.swift in Sources */ = {isa = PBXBuildFile; fileRef = F0F7420122E9B0860028AB4F /* TNChooseRecvCell.swift */; };
		F0F7424D22E9B0860028AB4F /* TNCreateGroupCell.swift in Sources */ = {isa = PBXBuildFile; fileRef = F0F7420222E9B0860028AB4F /* TNCreateGroupCell.swift */; };
		F0F7424E22E9B0860028AB4F /* TNReportCell.swift in Sources */ = {isa = PBXBuildFile; fileRef = F0F7420322E9B0860028AB4F /* TNReportCell.swift */; };
		F0F7424F22E9B0860028AB4F /* TNDetailMessCellTableViewCell.swift in Sources */ = {isa = PBXBuildFile; fileRef = F0F7420422E9B0860028AB4F /* TNDetailMessCellTableViewCell.swift */; };
		F0F7425022E9B0860028AB4F /* TNContactCell.swift in Sources */ = {isa = PBXBuildFile; fileRef = F0F7420522E9B0860028AB4F /* TNContactCell.swift */; };
		F0F7425122E9B0860028AB4F /* TNUserChatCVC.swift in Sources */ = {isa = PBXBuildFile; fileRef = F0F7420622E9B0860028AB4F /* TNUserChatCVC.swift */; };
		F0F7425222E9B0860028AB4F /* TNDetailMessageCell.swift in Sources */ = {isa = PBXBuildFile; fileRef = F0F7420722E9B0860028AB4F /* TNDetailMessageCell.swift */; };
		F0F7425322E9B0860028AB4F /* TNChatGeneralCell.swift in Sources */ = {isa = PBXBuildFile; fileRef = F0F7420822E9B0860028AB4F /* TNChatGeneralCell.swift */; };
		F0F7425422E9B0860028AB4F /* CustomCollectionViewLayout.swift in Sources */ = {isa = PBXBuildFile; fileRef = F0F7420A22E9B0860028AB4F /* CustomCollectionViewLayout.swift */; };
		F0F7425522E9B0860028AB4F /* TNChatManagerViewController.swift in Sources */ = {isa = PBXBuildFile; fileRef = F0F7420B22E9B0860028AB4F /* TNChatManagerViewController.swift */; };
		F0F7425722E9B0860028AB4F /* DetailMessViewController.swift in Sources */ = {isa = PBXBuildFile; fileRef = F0F7420E22E9B0860028AB4F /* DetailMessViewController.swift */; };
		F0F7425822E9B0860028AB4F /* TNContactViewController.swift in Sources */ = {isa = PBXBuildFile; fileRef = F0F7420F22E9B0860028AB4F /* TNContactViewController.swift */; };
		F0F7425922E9B0860028AB4F /* TNReportViewController.swift in Sources */ = {isa = PBXBuildFile; fileRef = F0F7421022E9B0860028AB4F /* TNReportViewController.swift */; };
		F0F7425A22E9B0860028AB4F /* TNCreateGroupViewController.swift in Sources */ = {isa = PBXBuildFile; fileRef = F0F7421122E9B0860028AB4F /* TNCreateGroupViewController.swift */; };
		F0F7425B22E9B0860028AB4F /* TNNewFeedViewController.swift in Sources */ = {isa = PBXBuildFile; fileRef = F0F7421322E9B0860028AB4F /* TNNewFeedViewController.swift */; };
		F0F7425E22E9B0860028AB4F /* LabelEx.swift in Sources */ = {isa = PBXBuildFile; fileRef = F0F7421A22E9B0860028AB4F /* LabelEx.swift */; };
		F0F7426A22E9CC7B0028AB4F /* Info.plist in Resources */ = {isa = PBXBuildFile; fileRef = F0F7426722E9CA190028AB4F /* Info.plist */; };
		F0F7426F22E9FD5B0028AB4F /* TNSeenUserViewController.swift in Sources */ = {isa = PBXBuildFile; fileRef = F0F7426E22E9FD5B0028AB4F /* TNSeenUserViewController.swift */; };
/* End PBXBuildFile section */

/* Begin PBXContainerItemProxy section */
		F0F741A122E9B05B0028AB4F /* PBXContainerItemProxy */ = {
			isa = PBXContainerItemProxy;
			containerPortal = F0F7418422E9B05A0028AB4F /* Project object */;
			proxyType = 1;
			remoteGlobalIDString = F0F7418B22E9B05A0028AB4F;
			remoteInfo = BeeduChat;
		};
		F0F741AC22E9B05B0028AB4F /* PBXContainerItemProxy */ = {
			isa = PBXContainerItemProxy;
			containerPortal = F0F7418422E9B05A0028AB4F /* Project object */;
			proxyType = 1;
			remoteGlobalIDString = F0F7418B22E9B05A0028AB4F;
			remoteInfo = BeeduChat;
		};
/* End PBXContainerItemProxy section */

/* Begin PBXFileReference section */
		42B464B773D0231856DE8CB0 /* Pods_BeeduChat.framework */ = {isa = PBXFileReference; explicitFileType = wrapper.framework; includeInIndex = 0; path = Pods_BeeduChat.framework; sourceTree = BUILT_PRODUCTS_DIR; };
		523DC3FDE4DBAAB7FE649423 /* Pods-BeeduChatTests.debug.xcconfig */ = {isa = PBXFileReference; includeInIndex = 1; lastKnownFileType = text.xcconfig; name = "Pods-BeeduChatTests.debug.xcconfig"; path = "Target Support Files/Pods-BeeduChatTests/Pods-BeeduChatTests.debug.xcconfig"; sourceTree = "<group>"; };
		539A8DDF22EAA1DF00BD75B9 /* Assets.xcassets */ = {isa = PBXFileReference; lastKnownFileType = folder.assetcatalog; path = Assets.xcassets; sourceTree = "<group>"; };
		53C329ED22F04D0000494195 /* ImagePickerViewController.swift */ = {isa = PBXFileReference; lastKnownFileType = sourcecode.swift; path = ImagePickerViewController.swift; sourceTree = "<group>"; };
		53F35D0522EE96390036EB3B /* Montserrat-ThinItalic.otf */ = {isa = PBXFileReference; lastKnownFileType = file; path = "Montserrat-ThinItalic.otf"; sourceTree = "<group>"; };
		53F35D0622EE96390036EB3B /* Montserrat-LightItalic.otf */ = {isa = PBXFileReference; lastKnownFileType = file; path = "Montserrat-LightItalic.otf"; sourceTree = "<group>"; };
		53F35D0722EE96390036EB3B /* Montserrat-Regular.otf */ = {isa = PBXFileReference; lastKnownFileType = file; path = "Montserrat-Regular.otf"; sourceTree = "<group>"; };
		53F35D0822EE96390036EB3B /* Montserrat-ExtraLight.otf */ = {isa = PBXFileReference; lastKnownFileType = file; path = "Montserrat-ExtraLight.otf"; sourceTree = "<group>"; };
		53F35D0922EE96390036EB3B /* Montserrat-Bold.otf */ = {isa = PBXFileReference; lastKnownFileType = file; path = "Montserrat-Bold.otf"; sourceTree = "<group>"; };
		53F35D0A22EE96390036EB3B /* Montserrat-ExtraLightItalic.otf */ = {isa = PBXFileReference; lastKnownFileType = file; path = "Montserrat-ExtraLightItalic.otf"; sourceTree = "<group>"; };
		53F35D0B22EE96390036EB3B /* Montserrat-Black.otf */ = {isa = PBXFileReference; lastKnownFileType = file; path = "Montserrat-Black.otf"; sourceTree = "<group>"; };
		53F35D0C22EE96390036EB3B /* Montserrat-Italic.otf */ = {isa = PBXFileReference; lastKnownFileType = file; path = "Montserrat-Italic.otf"; sourceTree = "<group>"; };
		53F35D0D22EE96390036EB3B /* Montserrat-Medium.otf */ = {isa = PBXFileReference; lastKnownFileType = file; path = "Montserrat-Medium.otf"; sourceTree = "<group>"; };
		53F35D0E22EE96390036EB3B /* Montserrat-BlackItalic.otf */ = {isa = PBXFileReference; lastKnownFileType = file; path = "Montserrat-BlackItalic.otf"; sourceTree = "<group>"; };
		53F35D0F22EE963A0036EB3B /* Montserrat-Light.otf */ = {isa = PBXFileReference; lastKnownFileType = file; path = "Montserrat-Light.otf"; sourceTree = "<group>"; };
		53F35D1022EE963A0036EB3B /* Montserrat-MediumItalic.otf */ = {isa = PBXFileReference; lastKnownFileType = file; path = "Montserrat-MediumItalic.otf"; sourceTree = "<group>"; };
		53F35D1122EE963A0036EB3B /* Montserrat-SemiBold.otf */ = {isa = PBXFileReference; lastKnownFileType = file; path = "Montserrat-SemiBold.otf"; sourceTree = "<group>"; };
		53F35D1222EE963A0036EB3B /* Montserrat-ExtraBold.otf */ = {isa = PBXFileReference; lastKnownFileType = file; path = "Montserrat-ExtraBold.otf"; sourceTree = "<group>"; };
		53F35D1322EE963A0036EB3B /* Montserrat-ExtraBoldItalic.otf */ = {isa = PBXFileReference; lastKnownFileType = file; path = "Montserrat-ExtraBoldItalic.otf"; sourceTree = "<group>"; };
		53F35D1422EE963A0036EB3B /* Montserrat-SemiBoldItalic.otf */ = {isa = PBXFileReference; lastKnownFileType = file; path = "Montserrat-SemiBoldItalic.otf"; sourceTree = "<group>"; };
		53F35D1522EE963A0036EB3B /* Montserrat-Thin.otf */ = {isa = PBXFileReference; lastKnownFileType = file; path = "Montserrat-Thin.otf"; sourceTree = "<group>"; };
		53F35D1622EE963A0036EB3B /* Montserrat-BoldItalic.otf */ = {isa = PBXFileReference; lastKnownFileType = file; path = "Montserrat-BoldItalic.otf"; sourceTree = "<group>"; };
		53F35D2922EEAC440036EB3B /* TNInfoViewController.swift */ = {isa = PBXFileReference; lastKnownFileType = sourcecode.swift; path = TNInfoViewController.swift; sourceTree = "<group>"; };
		53F35D2B22EECE9F0036EB3B /* TNLibraryImageViewController.swift */ = {isa = PBXFileReference; lastKnownFileType = sourcecode.swift; path = TNLibraryImageViewController.swift; sourceTree = "<group>"; };
		53F35D2D22EED6A60036EB3B /* TNActionSheetViewController.swift */ = {isa = PBXFileReference; lastKnownFileType = sourcecode.swift; path = TNActionSheetViewController.swift; sourceTree = "<group>"; };
		53F35D2F22EEECB50036EB3B /* TNActionTVC.swift */ = {isa = PBXFileReference; lastKnownFileType = sourcecode.swift; path = TNActionTVC.swift; sourceTree = "<group>"; };
		7373D4B9B309B286A68C2E11 /* Pods-BeeduChat.debug.xcconfig */ = {isa = PBXFileReference; includeInIndex = 1; lastKnownFileType = text.xcconfig; name = "Pods-BeeduChat.debug.xcconfig"; path = "Target Support Files/Pods-BeeduChat/Pods-BeeduChat.debug.xcconfig"; sourceTree = "<group>"; };
		7470B431115AB13A560DB880 /* Pods-BeeduChatTests.release.xcconfig */ = {isa = PBXFileReference; includeInIndex = 1; lastKnownFileType = text.xcconfig; name = "Pods-BeeduChatTests.release.xcconfig"; path = "Target Support Files/Pods-BeeduChatTests/Pods-BeeduChatTests.release.xcconfig"; sourceTree = "<group>"; };
		77AC8634AA3BF5F3AFF3999D /* Pods-BeeduChat.release.xcconfig */ = {isa = PBXFileReference; includeInIndex = 1; lastKnownFileType = text.xcconfig; name = "Pods-BeeduChat.release.xcconfig"; path = "Target Support Files/Pods-BeeduChat/Pods-BeeduChat.release.xcconfig"; sourceTree = "<group>"; };
		9B1F45A6E76E9D01E05727D6 /* Pods-BeeduChatUITests.debug.xcconfig */ = {isa = PBXFileReference; includeInIndex = 1; lastKnownFileType = text.xcconfig; name = "Pods-BeeduChatUITests.debug.xcconfig"; path = "Target Support Files/Pods-BeeduChatUITests/Pods-BeeduChatUITests.debug.xcconfig"; sourceTree = "<group>"; };
		A3E5506FCA1A73849627AEE9 /* Pods-BeeduChatUITests.release.xcconfig */ = {isa = PBXFileReference; includeInIndex = 1; lastKnownFileType = text.xcconfig; name = "Pods-BeeduChatUITests.release.xcconfig"; path = "Target Support Files/Pods-BeeduChatUITests/Pods-BeeduChatUITests.release.xcconfig"; sourceTree = "<group>"; };
		AEFE642CAABE5E1153467201 /* Pods_BeeduChatUITests.framework */ = {isa = PBXFileReference; explicitFileType = wrapper.framework; includeInIndex = 0; path = Pods_BeeduChatUITests.framework; sourceTree = BUILT_PRODUCTS_DIR; };
		C5DE160B549A5CC7002A01F5 /* Pods_BeeduChatTests.framework */ = {isa = PBXFileReference; explicitFileType = wrapper.framework; includeInIndex = 0; path = Pods_BeeduChatTests.framework; sourceTree = BUILT_PRODUCTS_DIR; };
		F0ACB26B22E9FE8700DFE793 /* TNSeenUserTVC.swift */ = {isa = PBXFileReference; lastKnownFileType = sourcecode.swift; path = TNSeenUserTVC.swift; sourceTree = "<group>"; };
		F0EAF6B622F0A23D002E5556 /* TNImageEx.swift */ = {isa = PBXFileReference; lastKnownFileType = sourcecode.swift; path = TNImageEx.swift; sourceTree = "<group>"; };
		F0F6C2E022EB775600CDA83C /* MainViewController.swift */ = {isa = PBXFileReference; lastKnownFileType = sourcecode.swift; path = MainViewController.swift; sourceTree = "<group>"; };
		F0F6C2E222EBF0DD00CDA83C /* TNNewPostViewController.swift */ = {isa = PBXFileReference; lastKnownFileType = sourcecode.swift; path = TNNewPostViewController.swift; sourceTree = "<group>"; };
		F0F7418C22E9B05A0028AB4F /* BeeduChat.app */ = {isa = PBXFileReference; explicitFileType = wrapper.application; includeInIndex = 0; path = BeeduChat.app; sourceTree = BUILT_PRODUCTS_DIR; };
		F0F7418F22E9B05A0028AB4F /* AppDelegate.swift */ = {isa = PBXFileReference; lastKnownFileType = sourcecode.swift; path = AppDelegate.swift; sourceTree = "<group>"; };
		F0F7419122E9B05A0028AB4F /* ViewController.swift */ = {isa = PBXFileReference; lastKnownFileType = sourcecode.swift; path = ViewController.swift; sourceTree = "<group>"; };
		F0F7419422E9B05A0028AB4F /* Base */ = {isa = PBXFileReference; lastKnownFileType = file.storyboard; name = Base; path = Base.lproj/Main.storyboard; sourceTree = "<group>"; };
		F0F7419922E9B05B0028AB4F /* Base */ = {isa = PBXFileReference; lastKnownFileType = file.storyboard; name = Base; path = Base.lproj/LaunchScreen.storyboard; sourceTree = "<group>"; };
		F0F741A022E9B05B0028AB4F /* BeeduChatTests.xctest */ = {isa = PBXFileReference; explicitFileType = wrapper.cfbundle; includeInIndex = 0; path = BeeduChatTests.xctest; sourceTree = BUILT_PRODUCTS_DIR; };
		F0F741A422E9B05B0028AB4F /* BeeduChatTests.swift */ = {isa = PBXFileReference; lastKnownFileType = sourcecode.swift; path = BeeduChatTests.swift; sourceTree = "<group>"; };
		F0F741A622E9B05B0028AB4F /* Info.plist */ = {isa = PBXFileReference; lastKnownFileType = text.plist.xml; path = Info.plist; sourceTree = "<group>"; };
		F0F741AB22E9B05B0028AB4F /* BeeduChatUITests.xctest */ = {isa = PBXFileReference; explicitFileType = wrapper.cfbundle; includeInIndex = 0; path = BeeduChatUITests.xctest; sourceTree = BUILT_PRODUCTS_DIR; };
		F0F741AF22E9B05B0028AB4F /* BeeduChatUITests.swift */ = {isa = PBXFileReference; lastKnownFileType = sourcecode.swift; path = BeeduChatUITests.swift; sourceTree = "<group>"; };
		F0F741B122E9B05B0028AB4F /* Info.plist */ = {isa = PBXFileReference; lastKnownFileType = text.plist.xml; path = Info.plist; sourceTree = "<group>"; };
		F0F741C522E9B0860028AB4F /* UIViewEx.swift */ = {isa = PBXFileReference; fileEncoding = 4; lastKnownFileType = sourcecode.swift; path = UIViewEx.swift; sourceTree = "<group>"; };
		F0F741C622E9B0860028AB4F /* UITextFieldEx.swift */ = {isa = PBXFileReference; fileEncoding = 4; lastKnownFileType = sourcecode.swift; path = UITextFieldEx.swift; sourceTree = "<group>"; };
		F0F741C722E9B0860028AB4F /* UIColorEx.swift */ = {isa = PBXFileReference; fileEncoding = 4; lastKnownFileType = sourcecode.swift; path = UIColorEx.swift; sourceTree = "<group>"; };
		F0F741C822E9B0860028AB4F /* UILabelEx.swift */ = {isa = PBXFileReference; fileEncoding = 4; lastKnownFileType = sourcecode.swift; path = UILabelEx.swift; sourceTree = "<group>"; };
		F0F741C922E9B0860028AB4F /* StackViewEx.swift */ = {isa = PBXFileReference; fileEncoding = 4; lastKnownFileType = sourcecode.swift; path = StackViewEx.swift; sourceTree = "<group>"; };
		F0F741CA22E9B0860028AB4F /* UIButtonEx.swift */ = {isa = PBXFileReference; fileEncoding = 4; lastKnownFileType = sourcecode.swift; path = UIButtonEx.swift; sourceTree = "<group>"; };
		F0F741CC22E9B0860028AB4F /* ReuseForms.swift */ = {isa = PBXFileReference; fileEncoding = 4; lastKnownFileType = sourcecode.swift; path = ReuseForms.swift; sourceTree = "<group>"; };
		F0F741CE22E9B0860028AB4F /* Constant.swift */ = {isa = PBXFileReference; fileEncoding = 4; lastKnownFileType = sourcecode.swift; path = Constant.swift; sourceTree = "<group>"; };
		F0F741CF22E9B0860028AB4F /* TNEnumModel.swift */ = {isa = PBXFileReference; fileEncoding = 4; lastKnownFileType = sourcecode.swift; path = TNEnumModel.swift; sourceTree = "<group>"; };
		F0F741D022E9B0860028AB4F /* FixedData.swift */ = {isa = PBXFileReference; fileEncoding = 4; lastKnownFileType = sourcecode.swift; path = FixedData.swift; sourceTree = "<group>"; };
		F0F741D622E9B0860028AB4F /* TNCommentCell.swift */ = {isa = PBXFileReference; fileEncoding = 4; lastKnownFileType = sourcecode.swift; path = TNCommentCell.swift; sourceTree = "<group>"; };
		F0F741D722E9B0860028AB4F /* TNNewPostCell.swift */ = {isa = PBXFileReference; fileEncoding = 4; lastKnownFileType = sourcecode.swift; path = TNNewPostCell.swift; sourceTree = "<group>"; };
		F0F741D822E9B0860028AB4F /* TNPostInfoCell.swift */ = {isa = PBXFileReference; fileEncoding = 4; lastKnownFileType = sourcecode.swift; path = TNPostInfoCell.swift; sourceTree = "<group>"; };
		F0F741DA22E9B0860028AB4F /* TNPostView.swift */ = {isa = PBXFileReference; fileEncoding = 4; lastKnownFileType = sourcecode.swift; path = TNPostView.swift; sourceTree = "<group>"; };
		F0F741DB22E9B0860028AB4F /* TNCommentViewController.swift */ = {isa = PBXFileReference; fileEncoding = 4; lastKnownFileType = sourcecode.swift; path = TNCommentViewController.swift; sourceTree = "<group>"; };
		F0F741DC22E9B0860028AB4F /* TNCommentSubViewController.swift */ = {isa = PBXFileReference; fileEncoding = 4; lastKnownFileType = sourcecode.swift; path = TNCommentSubViewController.swift; sourceTree = "<group>"; };
		F0F741DD22E9B0860028AB4F /* TNBaseViewController.swift */ = {isa = PBXFileReference; fileEncoding = 4; lastKnownFileType = sourcecode.swift; path = TNBaseViewController.swift; sourceTree = "<group>"; };
		F0F741E022E9B0860028AB4F /* BasicAudioController.swift */ = {isa = PBXFileReference; fileEncoding = 4; lastKnownFileType = sourcecode.swift; path = BasicAudioController.swift; sourceTree = "<group>"; };
		F0F741E222E9B0860028AB4F /* CustomMessageFlowLayout.swift */ = {isa = PBXFileReference; fileEncoding = 4; lastKnownFileType = sourcecode.swift; path = CustomMessageFlowLayout.swift; sourceTree = "<group>"; };
		F0F741E422E9B0860028AB4F /* ChatViewController.swift */ = {isa = PBXFileReference; fileEncoding = 4; lastKnownFileType = sourcecode.swift; path = ChatViewController.swift; sourceTree = "<group>"; };
		F0F741E522E9B0860028AB4F /* AutocompleteExampleViewController.swift */ = {isa = PBXFileReference; fileEncoding = 4; lastKnownFileType = sourcecode.swift; path = AutocompleteExampleViewController.swift; sourceTree = "<group>"; };
		F0F741E622E9B0860028AB4F /* AdvancedExampleViewController.swift */ = {isa = PBXFileReference; fileEncoding = 4; lastKnownFileType = sourcecode.swift; path = AdvancedExampleViewController.swift; sourceTree = "<group>"; };
		F0F741E722E9B0860028AB4F /* BasicExampleViewController.swift */ = {isa = PBXFileReference; fileEncoding = 4; lastKnownFileType = sourcecode.swift; path = BasicExampleViewController.swift; sourceTree = "<group>"; };
		F0F741E822E9B0860028AB4F /* LaunchViewController.swift */ = {isa = PBXFileReference; fileEncoding = 4; lastKnownFileType = sourcecode.swift; path = LaunchViewController.swift; sourceTree = "<group>"; };
		F0F741E922E9B0860028AB4F /* MessageContainerController.swift */ = {isa = PBXFileReference; fileEncoding = 4; lastKnownFileType = sourcecode.swift; path = MessageContainerController.swift; sourceTree = "<group>"; };
		F0F741EA22E9B0860028AB4F /* NavigationController.swift */ = {isa = PBXFileReference; fileEncoding = 4; lastKnownFileType = sourcecode.swift; path = NavigationController.swift; sourceTree = "<group>"; };
		F0F741EB22E9B0860028AB4F /* SettingsViewController.swift */ = {isa = PBXFileReference; fileEncoding = 4; lastKnownFileType = sourcecode.swift; path = SettingsViewController.swift; sourceTree = "<group>"; };
		F0F741ED22E9B0860028AB4F /* MockMessage.swift */ = {isa = PBXFileReference; fileEncoding = 4; lastKnownFileType = sourcecode.swift; path = MockMessage.swift; sourceTree = "<group>"; };
		F0F741EE22E9B0860028AB4F /* MockUser.swift */ = {isa = PBXFileReference; fileEncoding = 4; lastKnownFileType = sourcecode.swift; path = MockUser.swift; sourceTree = "<group>"; };
		F0F741EF22E9B0860028AB4F /* MockSocket.swift */ = {isa = PBXFileReference; fileEncoding = 4; lastKnownFileType = sourcecode.swift; path = MockSocket.swift; sourceTree = "<group>"; };
		F0F741F122E9B0860028AB4F /* UIViewController+Extensions.swift */ = {isa = PBXFileReference; fileEncoding = 4; lastKnownFileType = sourcecode.swift; path = "UIViewController+Extensions.swift"; sourceTree = "<group>"; };
		F0F741F222E9B0860028AB4F /* UIColor+Extensions.swift */ = {isa = PBXFileReference; fileEncoding = 4; lastKnownFileType = sourcecode.swift; path = "UIColor+Extensions.swift"; sourceTree = "<group>"; };
		F0F741F422E9B0860028AB4F /* sound2.m4a */ = {isa = PBXFileReference; lastKnownFileType = file; path = sound2.m4a; sourceTree = "<group>"; };
		F0F741F522E9B0860028AB4F /* sound1.m4a */ = {isa = PBXFileReference; lastKnownFileType = file; path = sound1.m4a; sourceTree = "<group>"; };
		F0F741F622E9B0860028AB4F /* Settings+UserDefaults.swift */ = {isa = PBXFileReference; fileEncoding = 4; lastKnownFileType = sourcecode.swift; path = "Settings+UserDefaults.swift"; sourceTree = "<group>"; };
		F0F741F822E9B0860028AB4F /* Lorem.swift */ = {isa = PBXFileReference; fileEncoding = 4; lastKnownFileType = sourcecode.swift; path = Lorem.swift; sourceTree = "<group>"; };
		F0F741F922E9B0860028AB4F /* SampleData.swift */ = {isa = PBXFileReference; fileEncoding = 4; lastKnownFileType = sourcecode.swift; path = SampleData.swift; sourceTree = "<group>"; };
		F0F741FB22E9B0860028AB4F /* CustomCell.swift */ = {isa = PBXFileReference; fileEncoding = 4; lastKnownFileType = sourcecode.swift; path = CustomCell.swift; sourceTree = "<group>"; };
		F0F741FC22E9B0860028AB4F /* TableViewCells.swift */ = {isa = PBXFileReference; fileEncoding = 4; lastKnownFileType = sourcecode.swift; path = TableViewCells.swift; sourceTree = "<group>"; };
		F0F741FE22E9B0860028AB4F /* TNNewGroupViewController.swift */ = {isa = PBXFileReference; fileEncoding = 4; lastKnownFileType = sourcecode.swift; path = TNNewGroupViewController.swift; sourceTree = "<group>"; };
		F0F741FF22E9B0860028AB4F /* TNChooseRecvViewController.swift */ = {isa = PBXFileReference; fileEncoding = 4; lastKnownFileType = sourcecode.swift; path = TNChooseRecvViewController.swift; sourceTree = "<group>"; };
		F0F7420122E9B0860028AB4F /* TNChooseRecvCell.swift */ = {isa = PBXFileReference; fileEncoding = 4; lastKnownFileType = sourcecode.swift; path = TNChooseRecvCell.swift; sourceTree = "<group>"; };
		F0F7420222E9B0860028AB4F /* TNCreateGroupCell.swift */ = {isa = PBXFileReference; fileEncoding = 4; lastKnownFileType = sourcecode.swift; path = TNCreateGroupCell.swift; sourceTree = "<group>"; };
		F0F7420322E9B0860028AB4F /* TNReportCell.swift */ = {isa = PBXFileReference; fileEncoding = 4; lastKnownFileType = sourcecode.swift; path = TNReportCell.swift; sourceTree = "<group>"; };
		F0F7420422E9B0860028AB4F /* TNDetailMessCellTableViewCell.swift */ = {isa = PBXFileReference; fileEncoding = 4; lastKnownFileType = sourcecode.swift; path = TNDetailMessCellTableViewCell.swift; sourceTree = "<group>"; };
		F0F7420522E9B0860028AB4F /* TNContactCell.swift */ = {isa = PBXFileReference; fileEncoding = 4; lastKnownFileType = sourcecode.swift; path = TNContactCell.swift; sourceTree = "<group>"; };
		F0F7420622E9B0860028AB4F /* TNUserChatCVC.swift */ = {isa = PBXFileReference; fileEncoding = 4; lastKnownFileType = sourcecode.swift; path = TNUserChatCVC.swift; sourceTree = "<group>"; };
		F0F7420722E9B0860028AB4F /* TNDetailMessageCell.swift */ = {isa = PBXFileReference; fileEncoding = 4; lastKnownFileType = sourcecode.swift; path = TNDetailMessageCell.swift; sourceTree = "<group>"; };
		F0F7420822E9B0860028AB4F /* TNChatGeneralCell.swift */ = {isa = PBXFileReference; fileEncoding = 4; lastKnownFileType = sourcecode.swift; path = TNChatGeneralCell.swift; sourceTree = "<group>"; };
		F0F7420A22E9B0860028AB4F /* CustomCollectionViewLayout.swift */ = {isa = PBXFileReference; fileEncoding = 4; lastKnownFileType = sourcecode.swift; path = CustomCollectionViewLayout.swift; sourceTree = "<group>"; };
		F0F7420B22E9B0860028AB4F /* TNChatManagerViewController.swift */ = {isa = PBXFileReference; fileEncoding = 4; lastKnownFileType = sourcecode.swift; path = TNChatManagerViewController.swift; sourceTree = "<group>"; };
		F0F7420E22E9B0860028AB4F /* DetailMessViewController.swift */ = {isa = PBXFileReference; fileEncoding = 4; lastKnownFileType = sourcecode.swift; path = DetailMessViewController.swift; sourceTree = "<group>"; };
		F0F7420F22E9B0860028AB4F /* TNContactViewController.swift */ = {isa = PBXFileReference; fileEncoding = 4; lastKnownFileType = sourcecode.swift; path = TNContactViewController.swift; sourceTree = "<group>"; };
		F0F7421022E9B0860028AB4F /* TNReportViewController.swift */ = {isa = PBXFileReference; fileEncoding = 4; lastKnownFileType = sourcecode.swift; path = TNReportViewController.swift; sourceTree = "<group>"; };
		F0F7421122E9B0860028AB4F /* TNCreateGroupViewController.swift */ = {isa = PBXFileReference; fileEncoding = 4; lastKnownFileType = sourcecode.swift; path = TNCreateGroupViewController.swift; sourceTree = "<group>"; };
		F0F7421322E9B0860028AB4F /* TNNewFeedViewController.swift */ = {isa = PBXFileReference; fileEncoding = 4; lastKnownFileType = sourcecode.swift; path = TNNewFeedViewController.swift; sourceTree = "<group>"; };
		F0F7421A22E9B0860028AB4F /* LabelEx.swift */ = {isa = PBXFileReference; fileEncoding = 4; lastKnownFileType = sourcecode.swift; path = LabelEx.swift; sourceTree = "<group>"; };
		F0F7426722E9CA190028AB4F /* Info.plist */ = {isa = PBXFileReference; fileEncoding = 4; lastKnownFileType = text.plist.xml; path = Info.plist; sourceTree = "<group>"; };
		F0F7426922E9CA4E0028AB4F /* BeeduChat.entitlements */ = {isa = PBXFileReference; lastKnownFileType = text.plist.entitlements; path = BeeduChat.entitlements; sourceTree = "<group>"; };
		F0F7426E22E9FD5B0028AB4F /* TNSeenUserViewController.swift */ = {isa = PBXFileReference; lastKnownFileType = sourcecode.swift; path = TNSeenUserViewController.swift; sourceTree = "<group>"; };
/* End PBXFileReference section */

/* Begin PBXFrameworksBuildPhase section */
		F0F7418922E9B05A0028AB4F /* Frameworks */ = {
			isa = PBXFrameworksBuildPhase;
			buildActionMask = 2147483647;
			files = (
				22719F42ED40EB490BAA416D /* Pods_BeeduChat.framework in Frameworks */,
			);
			runOnlyForDeploymentPostprocessing = 0;
		};
		F0F7419D22E9B05B0028AB4F /* Frameworks */ = {
			isa = PBXFrameworksBuildPhase;
			buildActionMask = 2147483647;
			files = (
				3C6FADE21AC9F3E9C4E28FCA /* Pods_BeeduChatTests.framework in Frameworks */,
			);
			runOnlyForDeploymentPostprocessing = 0;
		};
		F0F741A822E9B05B0028AB4F /* Frameworks */ = {
			isa = PBXFrameworksBuildPhase;
			buildActionMask = 2147483647;
			files = (
				50D77C61D9ACD18827DF2046 /* Pods_BeeduChatUITests.framework in Frameworks */,
			);
			runOnlyForDeploymentPostprocessing = 0;
		};
/* End PBXFrameworksBuildPhase section */

/* Begin PBXGroup section */
		53F35D0422EE96270036EB3B /* Font */ = {
			isa = PBXGroup;
			children = (
				53F35D0B22EE96390036EB3B /* Montserrat-Black.otf */,
				53F35D0E22EE96390036EB3B /* Montserrat-BlackItalic.otf */,
				53F35D0922EE96390036EB3B /* Montserrat-Bold.otf */,
				53F35D1622EE963A0036EB3B /* Montserrat-BoldItalic.otf */,
				53F35D1222EE963A0036EB3B /* Montserrat-ExtraBold.otf */,
				53F35D1322EE963A0036EB3B /* Montserrat-ExtraBoldItalic.otf */,
				53F35D0822EE96390036EB3B /* Montserrat-ExtraLight.otf */,
				53F35D0A22EE96390036EB3B /* Montserrat-ExtraLightItalic.otf */,
				53F35D0C22EE96390036EB3B /* Montserrat-Italic.otf */,
				53F35D0F22EE963A0036EB3B /* Montserrat-Light.otf */,
				53F35D0622EE96390036EB3B /* Montserrat-LightItalic.otf */,
				53F35D0D22EE96390036EB3B /* Montserrat-Medium.otf */,
				53F35D1022EE963A0036EB3B /* Montserrat-MediumItalic.otf */,
				53F35D0722EE96390036EB3B /* Montserrat-Regular.otf */,
				53F35D1122EE963A0036EB3B /* Montserrat-SemiBold.otf */,
				53F35D1422EE963A0036EB3B /* Montserrat-SemiBoldItalic.otf */,
				53F35D1522EE963A0036EB3B /* Montserrat-Thin.otf */,
				53F35D0522EE96390036EB3B /* Montserrat-ThinItalic.otf */,
			);
			path = Font;
			sourceTree = "<group>";
		};
		66FE2A9B191CFE8A2BA5E6DD /* Frameworks */ = {
			isa = PBXGroup;
			children = (
				42B464B773D0231856DE8CB0 /* Pods_BeeduChat.framework */,
				C5DE160B549A5CC7002A01F5 /* Pods_BeeduChatTests.framework */,
				AEFE642CAABE5E1153467201 /* Pods_BeeduChatUITests.framework */,
			);
			name = Frameworks;
			sourceTree = "<group>";
		};
		F0ACB26A22E9FE7800DFE793 /* ReuseCell */ = {
			isa = PBXGroup;
			children = (
				F0ACB26B22E9FE8700DFE793 /* TNSeenUserTVC.swift */,
				53F35D2F22EEECB50036EB3B /* TNActionTVC.swift */,
			);
			path = ReuseCell;
			sourceTree = "<group>";
		};
		F0F7418322E9B05A0028AB4F = {
			isa = PBXGroup;
			children = (
				F0F7418E22E9B05A0028AB4F /* BeeduChat */,
				F0F741A322E9B05B0028AB4F /* BeeduChatTests */,
				F0F741AE22E9B05B0028AB4F /* BeeduChatUITests */,
				F0F7418D22E9B05A0028AB4F /* Products */,
				FD240F56C22A1786B87C644F /* Pods */,
				66FE2A9B191CFE8A2BA5E6DD /* Frameworks */,
			);
			sourceTree = "<group>";
		};
		F0F7418D22E9B05A0028AB4F /* Products */ = {
			isa = PBXGroup;
			children = (
				F0F7418C22E9B05A0028AB4F /* BeeduChat.app */,
				F0F741A022E9B05B0028AB4F /* BeeduChatTests.xctest */,
				F0F741AB22E9B05B0028AB4F /* BeeduChatUITests.xctest */,
			);
			name = Products;
			sourceTree = "<group>";
		};
		F0F7418E22E9B05A0028AB4F /* BeeduChat */ = {
			isa = PBXGroup;
			children = (
				F0F7426922E9CA4E0028AB4F /* BeeduChat.entitlements */,
				F0F741BF22E9B0860028AB4F /* BeeduChat */,
				F0F7418F22E9B05A0028AB4F /* AppDelegate.swift */,
				F0F7426722E9CA190028AB4F /* Info.plist */,
				F0F7419122E9B05A0028AB4F /* ViewController.swift */,
				F0F7419322E9B05A0028AB4F /* Main.storyboard */,
				F0F7419822E9B05B0028AB4F /* LaunchScreen.storyboard */,
				F0F6C2E022EB775600CDA83C /* MainViewController.swift */,
			);
			path = BeeduChat;
			sourceTree = "<group>";
		};
		F0F741A322E9B05B0028AB4F /* BeeduChatTests */ = {
			isa = PBXGroup;
			children = (
				F0F741A422E9B05B0028AB4F /* BeeduChatTests.swift */,
				F0F741A622E9B05B0028AB4F /* Info.plist */,
			);
			path = BeeduChatTests;
			sourceTree = "<group>";
		};
		F0F741AE22E9B05B0028AB4F /* BeeduChatUITests */ = {
			isa = PBXGroup;
			children = (
				F0F741AF22E9B05B0028AB4F /* BeeduChatUITests.swift */,
				F0F741B122E9B05B0028AB4F /* Info.plist */,
			);
			path = BeeduChatUITests;
			sourceTree = "<group>";
		};
		F0F741BF22E9B0860028AB4F /* BeeduChat */ = {
			isa = PBXGroup;
			children = (
				F0F741C122E9B0860028AB4F /* TechNiChat */,
				F0F7421822E9B0860028AB4F /* CustomView */,
			);
			path = BeeduChat;
			sourceTree = "<group>";
		};
		F0F741C122E9B0860028AB4F /* TechNiChat */ = {
			isa = PBXGroup;
			children = (
				F0F741C222E9B0860028AB4F /* Ultils */,
				F0F741D122E9B0860028AB4F /* Resources */,
				F0F741D322E9B0860028AB4F /* Control */,
			);
			path = TechNiChat;
			sourceTree = "<group>";
		};
		F0F741C222E9B0860028AB4F /* Ultils */ = {
			isa = PBXGroup;
			children = (
				F0F741C322E9B0860028AB4F /* Extension */,
				F0F741CB22E9B0860028AB4F /* ReuseForms */,
				F0F741CD22E9B0860028AB4F /* Constant */,
				F0F741D022E9B0860028AB4F /* FixedData.swift */,
			);
			path = Ultils;
			sourceTree = "<group>";
		};
		F0F741C322E9B0860028AB4F /* Extension */ = {
			isa = PBXGroup;
			children = (
				F0F741C422E9B0860028AB4F /* ViewEx */,
			);
			path = Extension;
			sourceTree = "<group>";
		};
		F0F741C422E9B0860028AB4F /* ViewEx */ = {
			isa = PBXGroup;
			children = (
				F0F741C522E9B0860028AB4F /* UIViewEx.swift */,
				F0F741C622E9B0860028AB4F /* UITextFieldEx.swift */,
				F0F741C722E9B0860028AB4F /* UIColorEx.swift */,
				F0F741C822E9B0860028AB4F /* UILabelEx.swift */,
				F0F741C922E9B0860028AB4F /* StackViewEx.swift */,
				F0F741CA22E9B0860028AB4F /* UIButtonEx.swift */,
				F0EAF6B622F0A23D002E5556 /* TNImageEx.swift */,
			);
			path = ViewEx;
			sourceTree = "<group>";
		};
		F0F741CB22E9B0860028AB4F /* ReuseForms */ = {
			isa = PBXGroup;
			children = (
				F0F741CC22E9B0860028AB4F /* ReuseForms.swift */,
			);
			path = ReuseForms;
			sourceTree = "<group>";
		};
		F0F741CD22E9B0860028AB4F /* Constant */ = {
			isa = PBXGroup;
			children = (
				F0F741CE22E9B0860028AB4F /* Constant.swift */,
				F0F741CF22E9B0860028AB4F /* TNEnumModel.swift */,
			);
			path = Constant;
			sourceTree = "<group>";
		};
		F0F741D122E9B0860028AB4F /* Resources */ = {
			isa = PBXGroup;
			children = (
				53F35D0422EE96270036EB3B /* Font */,
				539A8DDF22EAA1DF00BD75B9 /* Assets.xcassets */,
			);
			path = Resources;
			sourceTree = "<group>";
		};
		F0F741D322E9B0860028AB4F /* Control */ = {
			isa = PBXGroup;
			children = (
				F0F741D422E9B0860028AB4F /* Newfeed */,
				F0F741DD22E9B0860028AB4F /* TNBaseViewController.swift */,
				F0F741DE22E9B0860028AB4F /* Messenger */,
				F0F741FD22E9B0860028AB4F /* ChatForm */,
			);
			path = Control;
			sourceTree = "<group>";
		};
		F0F741D422E9B0860028AB4F /* Newfeed */ = {
			isa = PBXGroup;
			children = (
				F0F7426B22E9FCFD0028AB4F /* popup */,
				F0F741D522E9B0860028AB4F /* ReuseCell */,
				F0F7421322E9B0860028AB4F /* TNNewFeedViewController.swift */,
				F0F741DA22E9B0860028AB4F /* TNPostView.swift */,
				F0F741DB22E9B0860028AB4F /* TNCommentViewController.swift */,
				F0F741DC22E9B0860028AB4F /* TNCommentSubViewController.swift */,
				F0F6C2E222EBF0DD00CDA83C /* TNNewPostViewController.swift */,
				53F35D2922EEAC440036EB3B /* TNInfoViewController.swift */,
				53C329ED22F04D0000494195 /* ImagePickerViewController.swift */,
			);
			path = Newfeed;
			sourceTree = "<group>";
		};
		F0F741D522E9B0860028AB4F /* ReuseCell */ = {
			isa = PBXGroup;
			children = (
				F0F741D622E9B0860028AB4F /* TNCommentCell.swift */,
				F0F741D722E9B0860028AB4F /* TNNewPostCell.swift */,
				F0F741D822E9B0860028AB4F /* TNPostInfoCell.swift */,
			);
			path = ReuseCell;
			sourceTree = "<group>";
		};
		F0F741DE22E9B0860028AB4F /* Messenger */ = {
			isa = PBXGroup;
			children = (
				F0F741DF22E9B0860028AB4F /* AudioController */,
				F0F741E122E9B0860028AB4F /* Layout */,
				F0F741E322E9B0860028AB4F /* View Controllers */,
				F0F741EC22E9B0860028AB4F /* Models */,
				F0F741F022E9B0860028AB4F /* Extensions */,
				F0F741F322E9B0860028AB4F /* Sounds */,
				F0F741F622E9B0860028AB4F /* Settings+UserDefaults.swift */,
				F0F741F722E9B0860028AB4F /* Data Generation */,
				F0F741FA22E9B0860028AB4F /* Views */,
			);
			path = Messenger;
			sourceTree = "<group>";
		};
		F0F741DF22E9B0860028AB4F /* AudioController */ = {
			isa = PBXGroup;
			children = (
				F0F741E022E9B0860028AB4F /* BasicAudioController.swift */,
			);
			path = AudioController;
			sourceTree = "<group>";
		};
		F0F741E122E9B0860028AB4F /* Layout */ = {
			isa = PBXGroup;
			children = (
				F0F741E222E9B0860028AB4F /* CustomMessageFlowLayout.swift */,
			);
			path = Layout;
			sourceTree = "<group>";
		};
		F0F741E322E9B0860028AB4F /* View Controllers */ = {
			isa = PBXGroup;
			children = (
				F0F741E422E9B0860028AB4F /* ChatViewController.swift */,
				F0F741E522E9B0860028AB4F /* AutocompleteExampleViewController.swift */,
				F0F741E622E9B0860028AB4F /* AdvancedExampleViewController.swift */,
				F0F741E722E9B0860028AB4F /* BasicExampleViewController.swift */,
				F0F741E822E9B0860028AB4F /* LaunchViewController.swift */,
				F0F741E922E9B0860028AB4F /* MessageContainerController.swift */,
				F0F741EA22E9B0860028AB4F /* NavigationController.swift */,
				F0F741EB22E9B0860028AB4F /* SettingsViewController.swift */,
			);
			path = "View Controllers";
			sourceTree = "<group>";
		};
		F0F741EC22E9B0860028AB4F /* Models */ = {
			isa = PBXGroup;
			children = (
				F0F741ED22E9B0860028AB4F /* MockMessage.swift */,
				F0F741EE22E9B0860028AB4F /* MockUser.swift */,
				F0F741EF22E9B0860028AB4F /* MockSocket.swift */,
			);
			path = Models;
			sourceTree = "<group>";
		};
		F0F741F022E9B0860028AB4F /* Extensions */ = {
			isa = PBXGroup;
			children = (
				F0F741F122E9B0860028AB4F /* UIViewController+Extensions.swift */,
				F0F741F222E9B0860028AB4F /* UIColor+Extensions.swift */,
			);
			path = Extensions;
			sourceTree = "<group>";
		};
		F0F741F322E9B0860028AB4F /* Sounds */ = {
			isa = PBXGroup;
			children = (
				F0F741F422E9B0860028AB4F /* sound2.m4a */,
				F0F741F522E9B0860028AB4F /* sound1.m4a */,
			);
			path = Sounds;
			sourceTree = "<group>";
		};
		F0F741F722E9B0860028AB4F /* Data Generation */ = {
			isa = PBXGroup;
			children = (
				F0F741F822E9B0860028AB4F /* Lorem.swift */,
				F0F741F922E9B0860028AB4F /* SampleData.swift */,
			);
			path = "Data Generation";
			sourceTree = "<group>";
		};
		F0F741FA22E9B0860028AB4F /* Views */ = {
			isa = PBXGroup;
			children = (
				F0F741FB22E9B0860028AB4F /* CustomCell.swift */,
				F0F741FC22E9B0860028AB4F /* TableViewCells.swift */,
			);
			path = Views;
			sourceTree = "<group>";
		};
		F0F741FD22E9B0860028AB4F /* ChatForm */ = {
			isa = PBXGroup;
			children = (
				F0F741FE22E9B0860028AB4F /* TNNewGroupViewController.swift */,
				F0F741FF22E9B0860028AB4F /* TNChooseRecvViewController.swift */,
				F0F7420022E9B0860028AB4F /* ReuseCell */,
				F0F7420922E9B0860028AB4F /* Layout */,
				F0F7420B22E9B0860028AB4F /* TNChatManagerViewController.swift */,
				F0F7420E22E9B0860028AB4F /* DetailMessViewController.swift */,
				F0F7420F22E9B0860028AB4F /* TNContactViewController.swift */,
				F0F7421022E9B0860028AB4F /* TNReportViewController.swift */,
				F0F7421122E9B0860028AB4F /* TNCreateGroupViewController.swift */,
			);
			path = ChatForm;
			sourceTree = "<group>";
		};
		F0F7420022E9B0860028AB4F /* ReuseCell */ = {
			isa = PBXGroup;
			children = (
				F0F7420122E9B0860028AB4F /* TNChooseRecvCell.swift */,
				F0F7420222E9B0860028AB4F /* TNCreateGroupCell.swift */,
				F0F7420322E9B0860028AB4F /* TNReportCell.swift */,
				F0F7420422E9B0860028AB4F /* TNDetailMessCellTableViewCell.swift */,
				F0F7420522E9B0860028AB4F /* TNContactCell.swift */,
				F0F7420622E9B0860028AB4F /* TNUserChatCVC.swift */,
				F0F7420722E9B0860028AB4F /* TNDetailMessageCell.swift */,
				F0F7420822E9B0860028AB4F /* TNChatGeneralCell.swift */,
			);
			path = ReuseCell;
			sourceTree = "<group>";
		};
		F0F7420922E9B0860028AB4F /* Layout */ = {
			isa = PBXGroup;
			children = (
				F0F7420A22E9B0860028AB4F /* CustomCollectionViewLayout.swift */,
			);
			path = Layout;
			sourceTree = "<group>";
		};
		F0F7421822E9B0860028AB4F /* CustomView */ = {
			isa = PBXGroup;
			children = (
				F0F7421922E9B0860028AB4F /* ExtensionView */,
			);
			path = CustomView;
			sourceTree = "<group>";
		};
		F0F7421922E9B0860028AB4F /* ExtensionView */ = {
			isa = PBXGroup;
			children = (
				F0F7421A22E9B0860028AB4F /* LabelEx.swift */,
			);
			path = ExtensionView;
			sourceTree = "<group>";
		};
		F0F7426B22E9FCFD0028AB4F /* popup */ = {
			isa = PBXGroup;
			children = (
				F0ACB26A22E9FE7800DFE793 /* ReuseCell */,
				F0F7426E22E9FD5B0028AB4F /* TNSeenUserViewController.swift */,
				53F35D2B22EECE9F0036EB3B /* TNLibraryImageViewController.swift */,
				53F35D2D22EED6A60036EB3B /* TNActionSheetViewController.swift */,
			);
			path = popup;
			sourceTree = "<group>";
		};
		FD240F56C22A1786B87C644F /* Pods */ = {
			isa = PBXGroup;
			children = (
				7373D4B9B309B286A68C2E11 /* Pods-BeeduChat.debug.xcconfig */,
				77AC8634AA3BF5F3AFF3999D /* Pods-BeeduChat.release.xcconfig */,
				523DC3FDE4DBAAB7FE649423 /* Pods-BeeduChatTests.debug.xcconfig */,
				7470B431115AB13A560DB880 /* Pods-BeeduChatTests.release.xcconfig */,
				9B1F45A6E76E9D01E05727D6 /* Pods-BeeduChatUITests.debug.xcconfig */,
				A3E5506FCA1A73849627AEE9 /* Pods-BeeduChatUITests.release.xcconfig */,
			);
			path = Pods;
			sourceTree = "<group>";
		};
/* End PBXGroup section */

/* Begin PBXNativeTarget section */
		F0F7418B22E9B05A0028AB4F /* BeeduChat */ = {
			isa = PBXNativeTarget;
			buildConfigurationList = F0F741B422E9B05B0028AB4F /* Build configuration list for PBXNativeTarget "BeeduChat" */;
			buildPhases = (
				9EA30B993C00269006FDA0F4 /* [CP] Check Pods Manifest.lock */,
				F0F7418822E9B05A0028AB4F /* Sources */,
				F0F7418922E9B05A0028AB4F /* Frameworks */,
				F0F7418A22E9B05A0028AB4F /* Resources */,
				BE49950352AC94815990EB8C /* [CP] Embed Pods Frameworks */,
			);
			buildRules = (
			);
			dependencies = (
			);
			name = BeeduChat;
			productName = BeeduChat;
			productReference = F0F7418C22E9B05A0028AB4F /* BeeduChat.app */;
			productType = "com.apple.product-type.application";
		};
		F0F7419F22E9B05B0028AB4F /* BeeduChatTests */ = {
			isa = PBXNativeTarget;
			buildConfigurationList = F0F741B722E9B05B0028AB4F /* Build configuration list for PBXNativeTarget "BeeduChatTests" */;
			buildPhases = (
				A0BF16E74340905A420A3453 /* [CP] Check Pods Manifest.lock */,
				F0F7419C22E9B05B0028AB4F /* Sources */,
				F0F7419D22E9B05B0028AB4F /* Frameworks */,
				F0F7419E22E9B05B0028AB4F /* Resources */,
			);
			buildRules = (
			);
			dependencies = (
				F0F741A222E9B05B0028AB4F /* PBXTargetDependency */,
			);
			name = BeeduChatTests;
			productName = BeeduChatTests;
			productReference = F0F741A022E9B05B0028AB4F /* BeeduChatTests.xctest */;
			productType = "com.apple.product-type.bundle.unit-test";
		};
		F0F741AA22E9B05B0028AB4F /* BeeduChatUITests */ = {
			isa = PBXNativeTarget;
			buildConfigurationList = F0F741BA22E9B05B0028AB4F /* Build configuration list for PBXNativeTarget "BeeduChatUITests" */;
			buildPhases = (
				2661B068F9161AAAF56B6D76 /* [CP] Check Pods Manifest.lock */,
				F0F741A722E9B05B0028AB4F /* Sources */,
				F0F741A822E9B05B0028AB4F /* Frameworks */,
				F0F741A922E9B05B0028AB4F /* Resources */,
			);
			buildRules = (
			);
			dependencies = (
				F0F741AD22E9B05B0028AB4F /* PBXTargetDependency */,
			);
			name = BeeduChatUITests;
			productName = BeeduChatUITests;
			productReference = F0F741AB22E9B05B0028AB4F /* BeeduChatUITests.xctest */;
			productType = "com.apple.product-type.bundle.ui-testing";
		};
/* End PBXNativeTarget section */

/* Begin PBXProject section */
		F0F7418422E9B05A0028AB4F /* Project object */ = {
			isa = PBXProject;
			attributes = {
				LastSwiftUpdateCheck = 1020;
				LastUpgradeCheck = 1020;
				ORGANIZATIONNAME = "Ngo Dang Chac";
				TargetAttributes = {
					F0F7418B22E9B05A0028AB4F = {
						CreatedOnToolsVersion = 10.2.1;
						SystemCapabilities = {
							com.apple.iCloud = {
								enabled = 0;
							};
						};
					};
					F0F7419F22E9B05B0028AB4F = {
						CreatedOnToolsVersion = 10.2.1;
						TestTargetID = F0F7418B22E9B05A0028AB4F;
					};
					F0F741AA22E9B05B0028AB4F = {
						CreatedOnToolsVersion = 10.2.1;
						TestTargetID = F0F7418B22E9B05A0028AB4F;
					};
				};
			};
			buildConfigurationList = F0F7418722E9B05A0028AB4F /* Build configuration list for PBXProject "BeeduChat" */;
			compatibilityVersion = "Xcode 9.3";
			developmentRegion = en;
			hasScannedForEncodings = 0;
			knownRegions = (
				en,
				Base,
			);
			mainGroup = F0F7418322E9B05A0028AB4F;
			productRefGroup = F0F7418D22E9B05A0028AB4F /* Products */;
			projectDirPath = "";
			projectRoot = "";
			targets = (
				F0F7418B22E9B05A0028AB4F /* BeeduChat */,
				F0F7419F22E9B05B0028AB4F /* BeeduChatTests */,
				F0F741AA22E9B05B0028AB4F /* BeeduChatUITests */,
			);
		};
/* End PBXProject section */

/* Begin PBXResourcesBuildPhase section */
		F0F7418A22E9B05A0028AB4F /* Resources */ = {
			isa = PBXResourcesBuildPhase;
			buildActionMask = 2147483647;
			files = (
				53F35D1722EE96570036EB3B /* Montserrat-Black.otf in Resources */,
				53F35D1822EE96570036EB3B /* Montserrat-BlackItalic.otf in Resources */,
				53F35D1922EE96570036EB3B /* Montserrat-Bold.otf in Resources */,
				53F35D1A22EE96570036EB3B /* Montserrat-BoldItalic.otf in Resources */,
				53F35D1B22EE96570036EB3B /* Montserrat-ExtraBold.otf in Resources */,
				53F35D1C22EE96570036EB3B /* Montserrat-ExtraBoldItalic.otf in Resources */,
				53F35D1D22EE96570036EB3B /* Montserrat-ExtraLight.otf in Resources */,
				53F35D1E22EE96570036EB3B /* Montserrat-ExtraLightItalic.otf in Resources */,
				53F35D1F22EE96570036EB3B /* Montserrat-Italic.otf in Resources */,
				53F35D2022EE96570036EB3B /* Montserrat-Light.otf in Resources */,
				53F35D2122EE96570036EB3B /* Montserrat-LightItalic.otf in Resources */,
				53F35D2222EE96570036EB3B /* Montserrat-Medium.otf in Resources */,
				53F35D2322EE96570036EB3B /* Montserrat-MediumItalic.otf in Resources */,
				53F35D2422EE96570036EB3B /* Montserrat-Regular.otf in Resources */,
				53F35D2522EE96570036EB3B /* Montserrat-SemiBold.otf in Resources */,
				53F35D2622EE96570036EB3B /* Montserrat-SemiBoldItalic.otf in Resources */,
				53F35D2722EE96570036EB3B /* Montserrat-Thin.otf in Resources */,
				53F35D2822EE96570036EB3B /* Montserrat-ThinItalic.otf in Resources */,
				F0F7426A22E9CC7B0028AB4F /* Info.plist in Resources */,
				F0F7419A22E9B05B0028AB4F /* LaunchScreen.storyboard in Resources */,
				F0F7424422E9B0860028AB4F /* sound1.m4a in Resources */,
				F0F7424322E9B0860028AB4F /* sound2.m4a in Resources */,
				539A8DE022EAA1DF00BD75B9 /* Assets.xcassets in Resources */,
				F0F7419522E9B05A0028AB4F /* Main.storyboard in Resources */,
			);
			runOnlyForDeploymentPostprocessing = 0;
		};
		F0F7419E22E9B05B0028AB4F /* Resources */ = {
			isa = PBXResourcesBuildPhase;
			buildActionMask = 2147483647;
			files = (
			);
			runOnlyForDeploymentPostprocessing = 0;
		};
		F0F741A922E9B05B0028AB4F /* Resources */ = {
			isa = PBXResourcesBuildPhase;
			buildActionMask = 2147483647;
			files = (
			);
			runOnlyForDeploymentPostprocessing = 0;
		};
/* End PBXResourcesBuildPhase section */

/* Begin PBXShellScriptBuildPhase section */
		2661B068F9161AAAF56B6D76 /* [CP] Check Pods Manifest.lock */ = {
			isa = PBXShellScriptBuildPhase;
			buildActionMask = 2147483647;
			files = (
			);
			inputFileListPaths = (
			);
			inputPaths = (
				"${PODS_PODFILE_DIR_PATH}/Podfile.lock",
				"${PODS_ROOT}/Manifest.lock",
			);
			name = "[CP] Check Pods Manifest.lock";
			outputFileListPaths = (
			);
			outputPaths = (
				"$(DERIVED_FILE_DIR)/Pods-BeeduChatUITests-checkManifestLockResult.txt",
			);
			runOnlyForDeploymentPostprocessing = 0;
			shellPath = /bin/sh;
			shellScript = "diff \"${PODS_PODFILE_DIR_PATH}/Podfile.lock\" \"${PODS_ROOT}/Manifest.lock\" > /dev/null\nif [ $? != 0 ] ; then\n    # print error to STDERR\n    echo \"error: The sandbox is not in sync with the Podfile.lock. Run 'pod install' or update your CocoaPods installation.\" >&2\n    exit 1\nfi\n# This output is used by Xcode 'outputs' to avoid re-running this script phase.\necho \"SUCCESS\" > \"${SCRIPT_OUTPUT_FILE_0}\"\n";
			showEnvVarsInLog = 0;
		};
		9EA30B993C00269006FDA0F4 /* [CP] Check Pods Manifest.lock */ = {
			isa = PBXShellScriptBuildPhase;
			buildActionMask = 2147483647;
			files = (
			);
			inputFileListPaths = (
			);
			inputPaths = (
				"${PODS_PODFILE_DIR_PATH}/Podfile.lock",
				"${PODS_ROOT}/Manifest.lock",
			);
			name = "[CP] Check Pods Manifest.lock";
			outputFileListPaths = (
			);
			outputPaths = (
				"$(DERIVED_FILE_DIR)/Pods-BeeduChat-checkManifestLockResult.txt",
			);
			runOnlyForDeploymentPostprocessing = 0;
			shellPath = /bin/sh;
			shellScript = "diff \"${PODS_PODFILE_DIR_PATH}/Podfile.lock\" \"${PODS_ROOT}/Manifest.lock\" > /dev/null\nif [ $? != 0 ] ; then\n    # print error to STDERR\n    echo \"error: The sandbox is not in sync with the Podfile.lock. Run 'pod install' or update your CocoaPods installation.\" >&2\n    exit 1\nfi\n# This output is used by Xcode 'outputs' to avoid re-running this script phase.\necho \"SUCCESS\" > \"${SCRIPT_OUTPUT_FILE_0}\"\n";
			showEnvVarsInLog = 0;
		};
		A0BF16E74340905A420A3453 /* [CP] Check Pods Manifest.lock */ = {
			isa = PBXShellScriptBuildPhase;
			buildActionMask = 2147483647;
			files = (
			);
			inputFileListPaths = (
			);
			inputPaths = (
				"${PODS_PODFILE_DIR_PATH}/Podfile.lock",
				"${PODS_ROOT}/Manifest.lock",
			);
			name = "[CP] Check Pods Manifest.lock";
			outputFileListPaths = (
			);
			outputPaths = (
				"$(DERIVED_FILE_DIR)/Pods-BeeduChatTests-checkManifestLockResult.txt",
			);
			runOnlyForDeploymentPostprocessing = 0;
			shellPath = /bin/sh;
			shellScript = "diff \"${PODS_PODFILE_DIR_PATH}/Podfile.lock\" \"${PODS_ROOT}/Manifest.lock\" > /dev/null\nif [ $? != 0 ] ; then\n    # print error to STDERR\n    echo \"error: The sandbox is not in sync with the Podfile.lock. Run 'pod install' or update your CocoaPods installation.\" >&2\n    exit 1\nfi\n# This output is used by Xcode 'outputs' to avoid re-running this script phase.\necho \"SUCCESS\" > \"${SCRIPT_OUTPUT_FILE_0}\"\n";
			showEnvVarsInLog = 0;
		};
		BE49950352AC94815990EB8C /* [CP] Embed Pods Frameworks */ = {
			isa = PBXShellScriptBuildPhase;
			buildActionMask = 2147483647;
			files = (
			);
			inputFileListPaths = (
				"${PODS_ROOT}/Target Support Files/Pods-BeeduChat/Pods-BeeduChat-frameworks-${CONFIGURATION}-input-files.xcfilelist",
			);
			name = "[CP] Embed Pods Frameworks";
			outputFileListPaths = (
				"${PODS_ROOT}/Target Support Files/Pods-BeeduChat/Pods-BeeduChat-frameworks-${CONFIGURATION}-output-files.xcfilelist",
			);
			runOnlyForDeploymentPostprocessing = 0;
			shellPath = /bin/sh;
			shellScript = "\"${PODS_ROOT}/Target Support Files/Pods-BeeduChat/Pods-BeeduChat-frameworks.sh\"\n";
			showEnvVarsInLog = 0;
		};
/* End PBXShellScriptBuildPhase section */

/* Begin PBXSourcesBuildPhase section */
		F0F7418822E9B05A0028AB4F /* Sources */ = {
			isa = PBXSourcesBuildPhase;
			buildActionMask = 2147483647;
			files = (
				F0F7424F22E9B0860028AB4F /* TNDetailMessCellTableViewCell.swift in Sources */,
				F0F7424C22E9B0860028AB4F /* TNChooseRecvCell.swift in Sources */,
				F0F6C2E122EB775600CDA83C /* MainViewController.swift in Sources */,
				F0F6C2E322EBF0DD00CDA83C /* TNNewPostViewController.swift in Sources */,
				F0F7422A22E9B0860028AB4F /* FixedData.swift in Sources */,
				F0F7423522E9B0860028AB4F /* CustomMessageFlowLayout.swift in Sources */,
				F0F7424E22E9B0860028AB4F /* TNReportCell.swift in Sources */,
				F0F7423122E9B0860028AB4F /* TNCommentViewController.swift in Sources */,
				F0F7423B22E9B0860028AB4F /* MessageContainerController.swift in Sources */,
				F0F7422322E9B0860028AB4F /* UIColorEx.swift in Sources */,
				F0F7422222E9B0860028AB4F /* UITextFieldEx.swift in Sources */,
				F0F7425322E9B0860028AB4F /* TNChatGeneralCell.swift in Sources */,
				F0F7423922E9B0860028AB4F /* BasicExampleViewController.swift in Sources */,
				F0F7424722E9B0860028AB4F /* SampleData.swift in Sources */,
				F0F7424B22E9B0860028AB4F /* TNChooseRecvViewController.swift in Sources */,
				F0F7424222E9B0860028AB4F /* UIColor+Extensions.swift in Sources */,
				F0F7423C22E9B0860028AB4F /* NavigationController.swift in Sources */,
				F0F7423322E9B0860028AB4F /* TNBaseViewController.swift in Sources */,
				F0F7423422E9B0860028AB4F /* BasicAudioController.swift in Sources */,
				F0F7422E22E9B0860028AB4F /* TNPostInfoCell.swift in Sources */,
				F0F7422522E9B0860028AB4F /* StackViewEx.swift in Sources */,
				F0F7425B22E9B0860028AB4F /* TNNewFeedViewController.swift in Sources */,
				F0F7422622E9B0860028AB4F /* UIButtonEx.swift in Sources */,
				F0F7425122E9B0860028AB4F /* TNUserChatCVC.swift in Sources */,
				F0F7425522E9B0860028AB4F /* TNChatManagerViewController.swift in Sources */,
				F0F7423622E9B0860028AB4F /* ChatViewController.swift in Sources */,
				F0F7424022E9B0860028AB4F /* MockSocket.swift in Sources */,
				F0F7425A22E9B0860028AB4F /* TNCreateGroupViewController.swift in Sources */,
				F0EAF6B722F0A23D002E5556 /* TNImageEx.swift in Sources */,
				53F35D2E22EED6A60036EB3B /* TNActionSheetViewController.swift in Sources */,
				F0F7419222E9B05A0028AB4F /* ViewController.swift in Sources */,
				F0F7426F22E9FD5B0028AB4F /* TNSeenUserViewController.swift in Sources */,
				F0F7424122E9B0860028AB4F /* UIViewController+Extensions.swift in Sources */,
				F0F7422422E9B0860028AB4F /* UILabelEx.swift in Sources */,
				F0F7419022E9B05A0028AB4F /* AppDelegate.swift in Sources */,
				F0F7424922E9B0860028AB4F /* TableViewCells.swift in Sources */,
				53F35D2C22EECE9F0036EB3B /* TNLibraryImageViewController.swift in Sources */,
				F0F7424822E9B0860028AB4F /* CustomCell.swift in Sources */,
				F0F7423022E9B0860028AB4F /* TNPostView.swift in Sources */,
				F0F7422922E9B0860028AB4F /* TNEnumModel.swift in Sources */,
				F0F7424622E9B0860028AB4F /* Lorem.swift in Sources */,
				F0F7425222E9B0860028AB4F /* TNDetailMessageCell.swift in Sources */,
				F0F7423D22E9B0860028AB4F /* SettingsViewController.swift in Sources */,
				F0F7423822E9B0860028AB4F /* AdvancedExampleViewController.swift in Sources */,
				F0F7423F22E9B0860028AB4F /* MockUser.swift in Sources */,
				F0F7423A22E9B0860028AB4F /* LaunchViewController.swift in Sources */,
				F0F7425E22E9B0860028AB4F /* LabelEx.swift in Sources */,
				F0F7422822E9B0860028AB4F /* Constant.swift in Sources */,
				F0ACB26C22E9FE8700DFE793 /* TNSeenUserTVC.swift in Sources */,
				53F35D2A22EEAC440036EB3B /* TNInfoViewController.swift in Sources */,
				F0F7422C22E9B0860028AB4F /* TNCommentCell.swift in Sources */,
				F0F7424A22E9B0860028AB4F /* TNNewGroupViewController.swift in Sources */,
				53F35D3022EEECB50036EB3B /* TNActionTVC.swift in Sources */,
				F0F7422722E9B0860028AB4F /* ReuseForms.swift in Sources */,
				F0F7422122E9B0860028AB4F /* UIViewEx.swift in Sources */,
				F0F7423E22E9B0860028AB4F /* MockMessage.swift in Sources */,
				F0F7425922E9B0860028AB4F /* TNReportViewController.swift in Sources */,
				F0F7423722E9B0860028AB4F /* AutocompleteExampleViewController.swift in Sources */,
				F0F7423222E9B0860028AB4F /* TNCommentSubViewController.swift in Sources */,
				F0F7425022E9B0860028AB4F /* TNContactCell.swift in Sources */,
				F0F7424522E9B0860028AB4F /* Settings+UserDefaults.swift in Sources */,
				53C329EE22F04D0000494195 /* ImagePickerViewController.swift in Sources */,
				F0F7424D22E9B0860028AB4F /* TNCreateGroupCell.swift in Sources */,
				F0F7425422E9B0860028AB4F /* CustomCollectionViewLayout.swift in Sources */,
				F0F7425822E9B0860028AB4F /* TNContactViewController.swift in Sources */,
				F0F7425722E9B0860028AB4F /* DetailMessViewController.swift in Sources */,
				F0F7422D22E9B0860028AB4F /* TNNewPostCell.swift in Sources */,
			);
			runOnlyForDeploymentPostprocessing = 0;
		};
		F0F7419C22E9B05B0028AB4F /* Sources */ = {
			isa = PBXSourcesBuildPhase;
			buildActionMask = 2147483647;
			files = (
				F0F741A522E9B05B0028AB4F /* BeeduChatTests.swift in Sources */,
			);
			runOnlyForDeploymentPostprocessing = 0;
		};
		F0F741A722E9B05B0028AB4F /* Sources */ = {
			isa = PBXSourcesBuildPhase;
			buildActionMask = 2147483647;
			files = (
				F0F741B022E9B05B0028AB4F /* BeeduChatUITests.swift in Sources */,
			);
			runOnlyForDeploymentPostprocessing = 0;
		};
/* End PBXSourcesBuildPhase section */

/* Begin PBXTargetDependency section */
		F0F741A222E9B05B0028AB4F /* PBXTargetDependency */ = {
			isa = PBXTargetDependency;
			target = F0F7418B22E9B05A0028AB4F /* BeeduChat */;
			targetProxy = F0F741A122E9B05B0028AB4F /* PBXContainerItemProxy */;
		};
		F0F741AD22E9B05B0028AB4F /* PBXTargetDependency */ = {
			isa = PBXTargetDependency;
			target = F0F7418B22E9B05A0028AB4F /* BeeduChat */;
			targetProxy = F0F741AC22E9B05B0028AB4F /* PBXContainerItemProxy */;
		};
/* End PBXTargetDependency section */

/* Begin PBXVariantGroup section */
		F0F7419322E9B05A0028AB4F /* Main.storyboard */ = {
			isa = PBXVariantGroup;
			children = (
				F0F7419422E9B05A0028AB4F /* Base */,
			);
			name = Main.storyboard;
			sourceTree = "<group>";
		};
		F0F7419822E9B05B0028AB4F /* LaunchScreen.storyboard */ = {
			isa = PBXVariantGroup;
			children = (
				F0F7419922E9B05B0028AB4F /* Base */,
			);
			name = LaunchScreen.storyboard;
			sourceTree = "<group>";
		};
/* End PBXVariantGroup section */

/* Begin XCBuildConfiguration section */
		F0F741B222E9B05B0028AB4F /* Debug */ = {
			isa = XCBuildConfiguration;
			buildSettings = {
				ALWAYS_SEARCH_USER_PATHS = NO;
				CLANG_ANALYZER_NONNULL = YES;
				CLANG_ANALYZER_NUMBER_OBJECT_CONVERSION = YES_AGGRESSIVE;
				CLANG_CXX_LANGUAGE_STANDARD = "gnu++14";
				CLANG_CXX_LIBRARY = "libc++";
				CLANG_ENABLE_MODULES = YES;
				CLANG_ENABLE_OBJC_ARC = YES;
				CLANG_ENABLE_OBJC_WEAK = YES;
				CLANG_WARN_BLOCK_CAPTURE_AUTORELEASING = YES;
				CLANG_WARN_BOOL_CONVERSION = YES;
				CLANG_WARN_COMMA = YES;
				CLANG_WARN_CONSTANT_CONVERSION = YES;
				CLANG_WARN_DEPRECATED_OBJC_IMPLEMENTATIONS = YES;
				CLANG_WARN_DIRECT_OBJC_ISA_USAGE = YES_ERROR;
				CLANG_WARN_DOCUMENTATION_COMMENTS = YES;
				CLANG_WARN_EMPTY_BODY = YES;
				CLANG_WARN_ENUM_CONVERSION = YES;
				CLANG_WARN_INFINITE_RECURSION = YES;
				CLANG_WARN_INT_CONVERSION = YES;
				CLANG_WARN_NON_LITERAL_NULL_CONVERSION = YES;
				CLANG_WARN_OBJC_IMPLICIT_RETAIN_SELF = YES;
				CLANG_WARN_OBJC_LITERAL_CONVERSION = YES;
				CLANG_WARN_OBJC_ROOT_CLASS = YES_ERROR;
				CLANG_WARN_RANGE_LOOP_ANALYSIS = YES;
				CLANG_WARN_STRICT_PROTOTYPES = YES;
				CLANG_WARN_SUSPICIOUS_MOVE = YES;
				CLANG_WARN_UNGUARDED_AVAILABILITY = YES_AGGRESSIVE;
				CLANG_WARN_UNREACHABLE_CODE = YES;
				CLANG_WARN__DUPLICATE_METHOD_MATCH = YES;
				CODE_SIGN_IDENTITY = "iPhone Developer";
				COPY_PHASE_STRIP = NO;
				DEBUG_INFORMATION_FORMAT = dwarf;
				ENABLE_STRICT_OBJC_MSGSEND = YES;
				ENABLE_TESTABILITY = YES;
				GCC_C_LANGUAGE_STANDARD = gnu11;
				GCC_DYNAMIC_NO_PIC = NO;
				GCC_NO_COMMON_BLOCKS = YES;
				GCC_OPTIMIZATION_LEVEL = 0;
				GCC_PREPROCESSOR_DEFINITIONS = (
					"DEBUG=1",
					"$(inherited)",
				);
				GCC_WARN_64_TO_32_BIT_CONVERSION = YES;
				GCC_WARN_ABOUT_RETURN_TYPE = YES_ERROR;
				GCC_WARN_UNDECLARED_SELECTOR = YES;
				GCC_WARN_UNINITIALIZED_AUTOS = YES_AGGRESSIVE;
				GCC_WARN_UNUSED_FUNCTION = YES;
				GCC_WARN_UNUSED_VARIABLE = YES;
				IPHONEOS_DEPLOYMENT_TARGET = 12.2;
				MTL_ENABLE_DEBUG_INFO = INCLUDE_SOURCE;
				MTL_FAST_MATH = YES;
				ONLY_ACTIVE_ARCH = YES;
				SDKROOT = iphoneos;
				SWIFT_ACTIVE_COMPILATION_CONDITIONS = DEBUG;
				SWIFT_OPTIMIZATION_LEVEL = "-Onone";
			};
			name = Debug;
		};
		F0F741B322E9B05B0028AB4F /* Release */ = {
			isa = XCBuildConfiguration;
			buildSettings = {
				ALWAYS_SEARCH_USER_PATHS = NO;
				CLANG_ANALYZER_NONNULL = YES;
				CLANG_ANALYZER_NUMBER_OBJECT_CONVERSION = YES_AGGRESSIVE;
				CLANG_CXX_LANGUAGE_STANDARD = "gnu++14";
				CLANG_CXX_LIBRARY = "libc++";
				CLANG_ENABLE_MODULES = YES;
				CLANG_ENABLE_OBJC_ARC = YES;
				CLANG_ENABLE_OBJC_WEAK = YES;
				CLANG_WARN_BLOCK_CAPTURE_AUTORELEASING = YES;
				CLANG_WARN_BOOL_CONVERSION = YES;
				CLANG_WARN_COMMA = YES;
				CLANG_WARN_CONSTANT_CONVERSION = YES;
				CLANG_WARN_DEPRECATED_OBJC_IMPLEMENTATIONS = YES;
				CLANG_WARN_DIRECT_OBJC_ISA_USAGE = YES_ERROR;
				CLANG_WARN_DOCUMENTATION_COMMENTS = YES;
				CLANG_WARN_EMPTY_BODY = YES;
				CLANG_WARN_ENUM_CONVERSION = YES;
				CLANG_WARN_INFINITE_RECURSION = YES;
				CLANG_WARN_INT_CONVERSION = YES;
				CLANG_WARN_NON_LITERAL_NULL_CONVERSION = YES;
				CLANG_WARN_OBJC_IMPLICIT_RETAIN_SELF = YES;
				CLANG_WARN_OBJC_LITERAL_CONVERSION = YES;
				CLANG_WARN_OBJC_ROOT_CLASS = YES_ERROR;
				CLANG_WARN_RANGE_LOOP_ANALYSIS = YES;
				CLANG_WARN_STRICT_PROTOTYPES = YES;
				CLANG_WARN_SUSPICIOUS_MOVE = YES;
				CLANG_WARN_UNGUARDED_AVAILABILITY = YES_AGGRESSIVE;
				CLANG_WARN_UNREACHABLE_CODE = YES;
				CLANG_WARN__DUPLICATE_METHOD_MATCH = YES;
				CODE_SIGN_IDENTITY = "iPhone Developer";
				COPY_PHASE_STRIP = NO;
				DEBUG_INFORMATION_FORMAT = "dwarf-with-dsym";
				ENABLE_NS_ASSERTIONS = NO;
				ENABLE_STRICT_OBJC_MSGSEND = YES;
				GCC_C_LANGUAGE_STANDARD = gnu11;
				GCC_NO_COMMON_BLOCKS = YES;
				GCC_WARN_64_TO_32_BIT_CONVERSION = YES;
				GCC_WARN_ABOUT_RETURN_TYPE = YES_ERROR;
				GCC_WARN_UNDECLARED_SELECTOR = YES;
				GCC_WARN_UNINITIALIZED_AUTOS = YES_AGGRESSIVE;
				GCC_WARN_UNUSED_FUNCTION = YES;
				GCC_WARN_UNUSED_VARIABLE = YES;
				IPHONEOS_DEPLOYMENT_TARGET = 12.2;
				MTL_ENABLE_DEBUG_INFO = NO;
				MTL_FAST_MATH = YES;
				SDKROOT = iphoneos;
				SWIFT_COMPILATION_MODE = wholemodule;
				SWIFT_OPTIMIZATION_LEVEL = "-O";
				VALIDATE_PRODUCT = YES;
			};
			name = Release;
		};
		F0F741B522E9B05B0028AB4F /* Debug */ = {
			isa = XCBuildConfiguration;
			baseConfigurationReference = 7373D4B9B309B286A68C2E11 /* Pods-BeeduChat.debug.xcconfig */;
			buildSettings = {
				ASSETCATALOG_COMPILER_APPICON_NAME = AppIcon;
				CODE_SIGN_STYLE = Automatic;
				DEVELOPMENT_TEAM = Q6SH2UL982;
				INFOPLIST_FILE = BeeduChat/Info.plist;
				LD_RUNPATH_SEARCH_PATHS = (
					"$(inherited)",
					"@executable_path/Frameworks",
				);
				PRODUCT_BUNDLE_IDENTIFIER = com.DangChacPC;
				PRODUCT_NAME = "$(TARGET_NAME)";
				SWIFT_VERSION = 5.0;
				TARGETED_DEVICE_FAMILY = 1;
			};
			name = Debug;
		};
		F0F741B622E9B05B0028AB4F /* Release */ = {
			isa = XCBuildConfiguration;
			baseConfigurationReference = 77AC8634AA3BF5F3AFF3999D /* Pods-BeeduChat.release.xcconfig */;
			buildSettings = {
				ASSETCATALOG_COMPILER_APPICON_NAME = AppIcon;
				CODE_SIGN_STYLE = Automatic;
				DEVELOPMENT_TEAM = Q6SH2UL982;
				INFOPLIST_FILE = BeeduChat/Info.plist;
				LD_RUNPATH_SEARCH_PATHS = (
					"$(inherited)",
					"@executable_path/Frameworks",
				);
				PRODUCT_BUNDLE_IDENTIFIER = com.DangChacPC;
				PRODUCT_NAME = "$(TARGET_NAME)";
				SWIFT_VERSION = 5.0;
				TARGETED_DEVICE_FAMILY = 1;
			};
			name = Release;
		};
		F0F741B822E9B05B0028AB4F /* Debug */ = {
			isa = XCBuildConfiguration;
			baseConfigurationReference = 523DC3FDE4DBAAB7FE649423 /* Pods-BeeduChatTests.debug.xcconfig */;
			buildSettings = {
				ALWAYS_EMBED_SWIFT_STANDARD_LIBRARIES = YES;
				BUNDLE_LOADER = "$(TEST_HOST)";
				CODE_SIGN_STYLE = Automatic;
				DEVELOPMENT_TEAM = Q6SH2UL982;
				INFOPLIST_FILE = BeeduChatTests/Info.plist;
				LD_RUNPATH_SEARCH_PATHS = (
					"$(inherited)",
					"@executable_path/Frameworks",
					"@loader_path/Frameworks",
				);
				PRODUCT_BUNDLE_IDENTIFIER = com.DangChacPC.BeeduChatTests;
				PRODUCT_NAME = "$(TARGET_NAME)";
				SWIFT_VERSION = 5.0;
				TARGETED_DEVICE_FAMILY = "1,2";
				TEST_HOST = "$(BUILT_PRODUCTS_DIR)/BeeduChat.app/BeeduChat";
			};
			name = Debug;
		};
		F0F741B922E9B05B0028AB4F /* Release */ = {
			isa = XCBuildConfiguration;
			baseConfigurationReference = 7470B431115AB13A560DB880 /* Pods-BeeduChatTests.release.xcconfig */;
			buildSettings = {
				ALWAYS_EMBED_SWIFT_STANDARD_LIBRARIES = YES;
				BUNDLE_LOADER = "$(TEST_HOST)";
				CODE_SIGN_STYLE = Automatic;
				DEVELOPMENT_TEAM = Q6SH2UL982;
				INFOPLIST_FILE = BeeduChatTests/Info.plist;
				LD_RUNPATH_SEARCH_PATHS = (
					"$(inherited)",
					"@executable_path/Frameworks",
					"@loader_path/Frameworks",
				);
				PRODUCT_BUNDLE_IDENTIFIER = com.DangChacPC.BeeduChatTests;
				PRODUCT_NAME = "$(TARGET_NAME)";
				SWIFT_VERSION = 5.0;
				TARGETED_DEVICE_FAMILY = "1,2";
				TEST_HOST = "$(BUILT_PRODUCTS_DIR)/BeeduChat.app/BeeduChat";
			};
			name = Release;
		};
		F0F741BB22E9B05B0028AB4F /* Debug */ = {
			isa = XCBuildConfiguration;
			baseConfigurationReference = 9B1F45A6E76E9D01E05727D6 /* Pods-BeeduChatUITests.debug.xcconfig */;
			buildSettings = {
				ALWAYS_EMBED_SWIFT_STANDARD_LIBRARIES = YES;
				CODE_SIGN_STYLE = Automatic;
				DEVELOPMENT_TEAM = Q6SH2UL982;
				INFOPLIST_FILE = BeeduChatUITests/Info.plist;
				LD_RUNPATH_SEARCH_PATHS = (
					"$(inherited)",
					"@executable_path/Frameworks",
					"@loader_path/Frameworks",
				);
				PRODUCT_BUNDLE_IDENTIFIER = com.DangChacPC.BeeduChatUITests;
				PRODUCT_NAME = "$(TARGET_NAME)";
				SWIFT_VERSION = 5.0;
				TARGETED_DEVICE_FAMILY = "1,2";
				TEST_TARGET_NAME = BeeduChat;
			};
			name = Debug;
		};
		F0F741BC22E9B05B0028AB4F /* Release */ = {
			isa = XCBuildConfiguration;
			baseConfigurationReference = A3E5506FCA1A73849627AEE9 /* Pods-BeeduChatUITests.release.xcconfig */;
			buildSettings = {
				ALWAYS_EMBED_SWIFT_STANDARD_LIBRARIES = YES;
				CODE_SIGN_STYLE = Automatic;
				DEVELOPMENT_TEAM = Q6SH2UL982;
				INFOPLIST_FILE = BeeduChatUITests/Info.plist;
				LD_RUNPATH_SEARCH_PATHS = (
					"$(inherited)",
					"@executable_path/Frameworks",
					"@loader_path/Frameworks",
				);
				PRODUCT_BUNDLE_IDENTIFIER = com.DangChacPC.BeeduChatUITests;
				PRODUCT_NAME = "$(TARGET_NAME)";
				SWIFT_VERSION = 5.0;
				TARGETED_DEVICE_FAMILY = "1,2";
				TEST_TARGET_NAME = BeeduChat;
			};
			name = Release;
		};
/* End XCBuildConfiguration section */

/* Begin XCConfigurationList section */
		F0F7418722E9B05A0028AB4F /* Build configuration list for PBXProject "BeeduChat" */ = {
			isa = XCConfigurationList;
			buildConfigurations = (
				F0F741B222E9B05B0028AB4F /* Debug */,
				F0F741B322E9B05B0028AB4F /* Release */,
			);
			defaultConfigurationIsVisible = 0;
			defaultConfigurationName = Release;
		};
		F0F741B422E9B05B0028AB4F /* Build configuration list for PBXNativeTarget "BeeduChat" */ = {
			isa = XCConfigurationList;
			buildConfigurations = (
				F0F741B522E9B05B0028AB4F /* Debug */,
				F0F741B622E9B05B0028AB4F /* Release */,
			);
			defaultConfigurationIsVisible = 0;
			defaultConfigurationName = Release;
		};
		F0F741B722E9B05B0028AB4F /* Build configuration list for PBXNativeTarget "BeeduChatTests" */ = {
			isa = XCConfigurationList;
			buildConfigurations = (
				F0F741B822E9B05B0028AB4F /* Debug */,
				F0F741B922E9B05B0028AB4F /* Release */,
			);
			defaultConfigurationIsVisible = 0;
			defaultConfigurationName = Release;
		};
		F0F741BA22E9B05B0028AB4F /* Build configuration list for PBXNativeTarget "BeeduChatUITests" */ = {
			isa = XCConfigurationList;
			buildConfigurations = (
				F0F741BB22E9B05B0028AB4F /* Debug */,
				F0F741BC22E9B05B0028AB4F /* Release */,
			);
			defaultConfigurationIsVisible = 0;
			defaultConfigurationName = Release;
		};
/* End XCConfigurationList section */
	};
	rootObject = F0F7418422E9B05A0028AB4F /* Project object */;
}
